PODS:
  - Alamofire (4.6.0)
  - Kingfisher (4.6.1)
  - SnapKit (4.0.0)

DEPENDENCIES:
  - Alamofire
  - Kingfisher (>= 4.3.1)
  - SnapKit (~> 4.0.0)

SPEC CHECKSUMS:
  Alamofire: f41a599bd63041760b26d393ec1069d9d7b917f4
  Kingfisher: 1f9157d9c02b380cbd0b7cc890161195164eb634
  SnapKit: a42d492c16e80209130a3379f73596c3454b7694

PODFILE CHECKSUM: 2ebdb44acd2a2e29132e28f1306aae6acc08eac2

COCOAPODS: 1.4.0
