// !$*UTF8*$!
{
	archiveVersion = 1;
	classes = {
	};
	objectVersion = 48;
	objects = {

/* Begin PBXBuildFile section */
		1829952720CB33C800099E2D /* BaseViewController.swift in Sources */ = {isa = PBXBuildFile; fileRef = 1829952620CB33C800099E2D /* BaseViewController.swift */; };
		1829952A20CB340500099E2D /* HomeViewController.swift in Sources */ = {isa = PBXBuildFile; fileRef = 1829952820CB340500099E2D /* HomeViewController.swift */; };
		1829953120CC81D800099E2D /* AdTableViewCell.swift in Sources */ = {isa = PBXBuildFile; fileRef = 1829953020CC81D800099E2D /* AdTableViewCell.swift */; };
		1829953320CC825900099E2D /* VisitWebsiteTableViewCell.swift in Sources */ = {isa = PBXBuildFile; fileRef = 1829953220CC825900099E2D /* VisitWebsiteTableViewCell.swift */; };
		1829953520CCD9FA00099E2D /* Header.swift in Sources */ = {isa = PBXBuildFile; fileRef = 1829953420CCD9FA00099E2D /* Header.swift */; };
		18FAD59A20CA2DFB00ECC6CF /* AppDelegate.swift in Sources */ = {isa = PBXBuildFile; fileRef = 18FAD59920CA2DFB00ECC6CF /* AppDelegate.swift */; };
		18FAD59F20CA2DFB00ECC6CF /* Main.storyboard in Resources */ = {isa = PBXBuildFile; fileRef = 18FAD59D20CA2DFB00ECC6CF /* Main.storyboard */; };
		18FAD5A120CA2DFB00ECC6CF /* Assets.xcassets in Resources */ = {isa = PBXBuildFile; fileRef = 18FAD5A020CA2DFB00ECC6CF /* Assets.xcassets */; };
		18FAD5A420CA2DFB00ECC6CF /* LaunchScreen.storyboard in Resources */ = {isa = PBXBuildFile; fileRef = 18FAD5A220CA2DFB00ECC6CF /* LaunchScreen.storyboard */; };
		18FAD5AF20CA2DFB00ECC6CF /* EliteTestAppTests.swift in Sources */ = {isa = PBXBuildFile; fileRef = 18FAD5AE20CA2DFB00ECC6CF /* EliteTestAppTests.swift */; };
		18FAD5BA20CA2DFB00ECC6CF /* EliteTestAppUITests.swift in Sources */ = {isa = PBXBuildFile; fileRef = 18FAD5B920CA2DFB00ECC6CF /* EliteTestAppUITests.swift */; };
		4411067A8B0D0A827853BEDA /* Pods_EliteTestApp.framework in Frameworks */ = {isa = PBXBuildFile; fileRef = 0EC183578288628C91B05D38 /* Pods_EliteTestApp.framework */; };
/* End PBXBuildFile section */

/* Begin PBXContainerItemProxy section */
		18FAD5AB20CA2DFB00ECC6CF /* PBXContainerItemProxy */ = {
			isa = PBXContainerItemProxy;
			containerPortal = 18FAD58E20CA2DFB00ECC6CF /* Project object */;
			proxyType = 1;
			remoteGlobalIDString = 18FAD59520CA2DFB00ECC6CF;
			remoteInfo = EliteTestApp;
		};
		18FAD5B620CA2DFB00ECC6CF /* PBXContainerItemProxy */ = {
			isa = PBXContainerItemProxy;
			containerPortal = 18FAD58E20CA2DFB00ECC6CF /* Project object */;
			proxyType = 1;
			remoteGlobalIDString = 18FAD59520CA2DFB00ECC6CF;
			remoteInfo = EliteTestApp;
		};
/* End PBXContainerItemProxy section */

/* Begin PBXFileReference section */
		0EC183578288628C91B05D38 /* Pods_EliteTestApp.framework */ = {isa = PBXFileReference; explicitFileType = wrapper.framework; includeInIndex = 0; path = Pods_EliteTestApp.framework; sourceTree = BUILT_PRODUCTS_DIR; };
		1829952620CB33C800099E2D /* BaseViewController.swift */ = {isa = PBXFileReference; lastKnownFileType = sourcecode.swift; path = BaseViewController.swift; sourceTree = "<group>"; };
		1829952820CB340500099E2D /* HomeViewController.swift */ = {isa = PBXFileReference; lastKnownFileType = sourcecode.swift; path = HomeViewController.swift; sourceTree = "<group>"; };
		1829953020CC81D800099E2D /* AdTableViewCell.swift */ = {isa = PBXFileReference; lastKnownFileType = sourcecode.swift; path = AdTableViewCell.swift; sourceTree = "<group>"; };
		1829953220CC825900099E2D /* VisitWebsiteTableViewCell.swift */ = {isa = PBXFileReference; lastKnownFileType = sourcecode.swift; path = VisitWebsiteTableViewCell.swift; sourceTree = "<group>"; };
		1829953420CCD9FA00099E2D /* Header.swift */ = {isa = PBXFileReference; fileEncoding = 4; lastKnownFileType = sourcecode.swift; path = Header.swift; sourceTree = "<group>"; };
		18FAD59620CA2DFB00ECC6CF /* EliteTestApp.app */ = {isa = PBXFileReference; explicitFileType = wrapper.application; includeInIndex = 0; path = EliteTestApp.app; sourceTree = BUILT_PRODUCTS_DIR; };
		18FAD59920CA2DFB00ECC6CF /* AppDelegate.swift */ = {isa = PBXFileReference; lastKnownFileType = sourcecode.swift; path = AppDelegate.swift; sourceTree = "<group>"; };
		18FAD59E20CA2DFB00ECC6CF /* Base */ = {isa = PBXFileReference; lastKnownFileType = file.storyboard; name = Base; path = Base.lproj/Main.storyboard; sourceTree = "<group>"; };
		18FAD5A020CA2DFB00ECC6CF /* Assets.xcassets */ = {isa = PBXFileReference; lastKnownFileType = folder.assetcatalog; path = Assets.xcassets; sourceTree = "<group>"; };
		18FAD5A320CA2DFB00ECC6CF /* Base */ = {isa = PBXFileReference; lastKnownFileType = file.storyboard; name = Base; path = Base.lproj/LaunchScreen.storyboard; sourceTree = "<group>"; };
		18FAD5A520CA2DFB00ECC6CF /* Info.plist */ = {isa = PBXFileReference; lastKnownFileType = text.plist.xml; path = Info.plist; sourceTree = "<group>"; };
		18FAD5AA20CA2DFB00ECC6CF /* EliteTestAppTests.xctest */ = {isa = PBXFileReference; explicitFileType = wrapper.cfbundle; includeInIndex = 0; path = EliteTestAppTests.xctest; sourceTree = BUILT_PRODUCTS_DIR; };
		18FAD5AE20CA2DFB00ECC6CF /* EliteTestAppTests.swift */ = {isa = PBXFileReference; lastKnownFileType = sourcecode.swift; path = EliteTestAppTests.swift; sourceTree = "<group>"; };
		18FAD5B020CA2DFB00ECC6CF /* Info.plist */ = {isa = PBXFileReference; lastKnownFileType = text.plist.xml; path = Info.plist; sourceTree = "<group>"; };
		18FAD5B520CA2DFB00ECC6CF /* EliteTestAppUITests.xctest */ = {isa = PBXFileReference; explicitFileType = wrapper.cfbundle; includeInIndex = 0; path = EliteTestAppUITests.xctest; sourceTree = BUILT_PRODUCTS_DIR; };
		18FAD5B920CA2DFB00ECC6CF /* EliteTestAppUITests.swift */ = {isa = PBXFileReference; lastKnownFileType = sourcecode.swift; path = EliteTestAppUITests.swift; sourceTree = "<group>"; };
		18FAD5BB20CA2DFB00ECC6CF /* Info.plist */ = {isa = PBXFileReference; lastKnownFileType = text.plist.xml; path = Info.plist; sourceTree = "<group>"; };
		7082ECBFD6B87B15A28F7F18 /* Pods-EliteTestApp.debug.xcconfig */ = {isa = PBXFileReference; includeInIndex = 1; lastKnownFileType = text.xcconfig; name = "Pods-EliteTestApp.debug.xcconfig"; path = "Pods/Target Support Files/Pods-EliteTestApp/Pods-EliteTestApp.debug.xcconfig"; sourceTree = "<group>"; };
		F605A4F062317CE0269501A5 /* Pods-EliteTestApp.release.xcconfig */ = {isa = PBXFileReference; includeInIndex = 1; lastKnownFileType = text.xcconfig; name = "Pods-EliteTestApp.release.xcconfig"; path = "Pods/Target Support Files/Pods-EliteTestApp/Pods-EliteTestApp.release.xcconfig"; sourceTree = "<group>"; };
/* End PBXFileReference section */

/* Begin PBXFrameworksBuildPhase section */
		18FAD59320CA2DFB00ECC6CF /* Frameworks */ = {
			isa = PBXFrameworksBuildPhase;
			buildActionMask = 2147483647;
			files = (
				4411067A8B0D0A827853BEDA /* Pods_EliteTestApp.framework in Frameworks */,
			);
			runOnlyForDeploymentPostprocessing = 0;
		};
		18FAD5A720CA2DFB00ECC6CF /* Frameworks */ = {
			isa = PBXFrameworksBuildPhase;
			buildActionMask = 2147483647;
			files = (
			);
			runOnlyForDeploymentPostprocessing = 0;
		};
		18FAD5B220CA2DFB00ECC6CF /* Frameworks */ = {
			isa = PBXFrameworksBuildPhase;
			buildActionMask = 2147483647;
			files = (
			);
			runOnlyForDeploymentPostprocessing = 0;
		};
/* End PBXFrameworksBuildPhase section */

/* Begin PBXGroup section */
		1829952520CB332100099E2D /* Controller */ = {
			isa = PBXGroup;
			children = (
				1829952620CB33C800099E2D /* BaseViewController.swift */,
				1829952820CB340500099E2D /* HomeViewController.swift */,
			);
			path = Controller;
			sourceTree = "<group>";
		};
		1829952C20CB349900099E2D /* View */ = {
			isa = PBXGroup;
			children = (
				1829952D20CB3A6900099E2D /* TableViewCell */,
			);
			path = View;
			sourceTree = "<group>";
		};
		1829952D20CB3A6900099E2D /* TableViewCell */ = {
			isa = PBXGroup;
			children = (
				1829953020CC81D800099E2D /* AdTableViewCell.swift */,
				1829953220CC825900099E2D /* VisitWebsiteTableViewCell.swift */,
			);
			path = TableViewCell;
			sourceTree = "<group>";
		};
		18FAD58D20CA2DFB00ECC6CF = {
			isa = PBXGroup;
			children = (
				18FAD59820CA2DFB00ECC6CF /* EliteTestApp */,
				18FAD5AD20CA2DFB00ECC6CF /* EliteTestAppTests */,
				18FAD5B820CA2DFB00ECC6CF /* EliteTestAppUITests */,
				18FAD59720CA2DFB00ECC6CF /* Products */,
				43A45BA2ADFDF2457BDD7D60 /* Pods */,
				CDE47AB323B2D0040209E337 /* Frameworks */,
			);
			sourceTree = "<group>";
		};
		18FAD59720CA2DFB00ECC6CF /* Products */ = {
			isa = PBXGroup;
			children = (
				18FAD59620CA2DFB00ECC6CF /* EliteTestApp.app */,
				18FAD5AA20CA2DFB00ECC6CF /* EliteTestAppTests.xctest */,
				18FAD5B520CA2DFB00ECC6CF /* EliteTestAppUITests.xctest */,
			);
			name = Products;
			sourceTree = "<group>";
		};
		18FAD59820CA2DFB00ECC6CF /* EliteTestApp */ = {
			isa = PBXGroup;
			children = (
				1829953420CCD9FA00099E2D /* Header.swift */,
				1829952C20CB349900099E2D /* View */,
				1829952520CB332100099E2D /* Controller */,
				18FAD59920CA2DFB00ECC6CF /* AppDelegate.swift */,
				18FAD59D20CA2DFB00ECC6CF /* Main.storyboard */,
				18FAD5A020CA2DFB00ECC6CF /* Assets.xcassets */,
				18FAD5A220CA2DFB00ECC6CF /* LaunchScreen.storyboard */,
				18FAD5A520CA2DFB00ECC6CF /* Info.plist */,
			);
			path = EliteTestApp;
			sourceTree = "<group>";
		};
		18FAD5AD20CA2DFB00ECC6CF /* EliteTestAppTests */ = {
			isa = PBXGroup;
			children = (
				18FAD5AE20CA2DFB00ECC6CF /* EliteTestAppTests.swift */,
				18FAD5B020CA2DFB00ECC6CF /* Info.plist */,
			);
			path = EliteTestAppTests;
			sourceTree = "<group>";
		};
		18FAD5B820CA2DFB00ECC6CF /* EliteTestAppUITests */ = {
			isa = PBXGroup;
			children = (
				18FAD5B920CA2DFB00ECC6CF /* EliteTestAppUITests.swift */,
				18FAD5BB20CA2DFB00ECC6CF /* Info.plist */,
			);
			path = EliteTestAppUITests;
			sourceTree = "<group>";
		};
		43A45BA2ADFDF2457BDD7D60 /* Pods */ = {
			isa = PBXGroup;
			children = (
				7082ECBFD6B87B15A28F7F18 /* Pods-EliteTestApp.debug.xcconfig */,
				F605A4F062317CE0269501A5 /* Pods-EliteTestApp.release.xcconfig */,
			);
			name = Pods;
			sourceTree = "<group>";
		};
		CDE47AB323B2D0040209E337 /* Frameworks */ = {
			isa = PBXGroup;
			children = (
				0EC183578288628C91B05D38 /* Pods_EliteTestApp.framework */,
			);
			name = Frameworks;
			sourceTree = "<group>";
		};
/* End PBXGroup section */

/* Begin PBXNativeTarget section */
		18FAD59520CA2DFB00ECC6CF /* EliteTestApp */ = {
			isa = PBXNativeTarget;
			buildConfigurationList = 18FAD5BE20CA2DFB00ECC6CF /* Build configuration list for PBXNativeTarget "EliteTestApp" */;
			buildPhases = (
				3A278AB6EC6FE8E7E3845799 /* [CP] Check Pods Manifest.lock */,
				18FAD59220CA2DFB00ECC6CF /* Sources */,
				18FAD59320CA2DFB00ECC6CF /* Frameworks */,
				18FAD59420CA2DFB00ECC6CF /* Resources */,
				33E1925C190835794A7DAD4C /* [CP] Embed Pods Frameworks */,
				CD2BC9B515134EBA5054FDFB /* [CP] Copy Pods Resources */,
			);
			buildRules = (
			);
			dependencies = (
			);
			name = EliteTestApp;
			productName = EliteTestApp;
			productReference = 18FAD59620CA2DFB00ECC6CF /* EliteTestApp.app */;
			productType = "com.apple.product-type.application";
		};
		18FAD5A920CA2DFB00ECC6CF /* EliteTestAppTests */ = {
			isa = PBXNativeTarget;
			buildConfigurationList = 18FAD5C120CA2DFB00ECC6CF /* Build configuration list for PBXNativeTarget "EliteTestAppTests" */;
			buildPhases = (
				18FAD5A620CA2DFB00ECC6CF /* Sources */,
				18FAD5A720CA2DFB00ECC6CF /* Frameworks */,
				18FAD5A820CA2DFB00ECC6CF /* Resources */,
			);
			buildRules = (
			);
			dependencies = (
				18FAD5AC20CA2DFB00ECC6CF /* PBXTargetDependency */,
			);
			name = EliteTestAppTests;
			productName = EliteTestAppTests;
			productReference = 18FAD5AA20CA2DFB00ECC6CF /* EliteTestAppTests.xctest */;
			productType = "com.apple.product-type.bundle.unit-test";
		};
		18FAD5B420CA2DFB00ECC6CF /* EliteTestAppUITests */ = {
			isa = PBXNativeTarget;
			buildConfigurationList = 18FAD5C420CA2DFB00ECC6CF /* Build configuration list for PBXNativeTarget "EliteTestAppUITests" */;
			buildPhases = (
				18FAD5B120CA2DFB00ECC6CF /* Sources */,
				18FAD5B220CA2DFB00ECC6CF /* Frameworks */,
				18FAD5B320CA2DFB00ECC6CF /* Resources */,
			);
			buildRules = (
			);
			dependencies = (
				18FAD5B720CA2DFB00ECC6CF /* PBXTargetDependency */,
			);
			name = EliteTestAppUITests;
			productName = EliteTestAppUITests;
			productReference = 18FAD5B520CA2DFB00ECC6CF /* EliteTestAppUITests.xctest */;
			productType = "com.apple.product-type.bundle.ui-testing";
		};
/* End PBXNativeTarget section */

/* Begin PBXProject section */
		18FAD58E20CA2DFB00ECC6CF /* Project object */ = {
			isa = PBXProject;
			attributes = {
				LastSwiftUpdateCheck = 0920;
				LastUpgradeCheck = 0920;
				ORGANIZATIONNAME = "Xin Chen";
				TargetAttributes = {
					18FAD59520CA2DFB00ECC6CF = {
						CreatedOnToolsVersion = 9.2;
						ProvisioningStyle = Manual;
					};
					18FAD5A920CA2DFB00ECC6CF = {
						CreatedOnToolsVersion = 9.2;
						ProvisioningStyle = Automatic;
						TestTargetID = 18FAD59520CA2DFB00ECC6CF;
					};
					18FAD5B420CA2DFB00ECC6CF = {
						CreatedOnToolsVersion = 9.2;
						ProvisioningStyle = Automatic;
						TestTargetID = 18FAD59520CA2DFB00ECC6CF;
					};
				};
			};
			buildConfigurationList = 18FAD59120CA2DFB00ECC6CF /* Build configuration list for PBXProject "EliteTestApp" */;
			compatibilityVersion = "Xcode 8.0";
			developmentRegion = en;
			hasScannedForEncodings = 0;
			knownRegions = (
				en,
				Base,
			);
			mainGroup = 18FAD58D20CA2DFB00ECC6CF;
			productRefGroup = 18FAD59720CA2DFB00ECC6CF /* Products */;
			projectDirPath = "";
			projectRoot = "";
			targets = (
				18FAD59520CA2DFB00ECC6CF /* EliteTestApp */,
				18FAD5A920CA2DFB00ECC6CF /* EliteTestAppTests */,
				18FAD5B420CA2DFB00ECC6CF /* EliteTestAppUITests */,
			);
		};
/* End PBXProject section */

/* Begin PBXResourcesBuildPhase section */
		18FAD59420CA2DFB00ECC6CF /* Resources */ = {
			isa = PBXResourcesBuildPhase;
			buildActionMask = 2147483647;
			files = (
				18FAD5A420CA2DFB00ECC6CF /* LaunchScreen.storyboard in Resources */,
				18FAD5A120CA2DFB00ECC6CF /* Assets.xcassets in Resources */,
				18FAD59F20CA2DFB00ECC6CF /* Main.storyboard in Resources */,
			);
			runOnlyForDeploymentPostprocessing = 0;
		};
		18FAD5A820CA2DFB00ECC6CF /* Resources */ = {
			isa = PBXResourcesBuildPhase;
			buildActionMask = 2147483647;
			files = (
			);
			runOnlyForDeploymentPostprocessing = 0;
		};
		18FAD5B320CA2DFB00ECC6CF /* Resources */ = {
			isa = PBXResourcesBuildPhase;
			buildActionMask = 2147483647;
			files = (
			);
			runOnlyForDeploymentPostprocessing = 0;
		};
/* End PBXResourcesBuildPhase section */

/* Begin PBXShellScriptBuildPhase section */
		33E1925C190835794A7DAD4C /* [CP] Embed Pods Frameworks */ = {
			isa = PBXShellScriptBuildPhase;
			buildActionMask = 2147483647;
			files = (
			);
			inputPaths = (
				"${SRCROOT}/Pods/Target Support Files/Pods-EliteTestApp/Pods-EliteTestApp-frameworks.sh",
				"${BUILT_PRODUCTS_DIR}/Alamofire/Alamofire.framework",
				"${BUILT_PRODUCTS_DIR}/SDWebImage/SDWebImage.framework",
				"${BUILT_PRODUCTS_DIR}/SnapKit/SnapKit.framework",
			);
			name = "[CP] Embed Pods Frameworks";
			outputPaths = (
				"${TARGET_BUILD_DIR}/${FRAMEWORKS_FOLDER_PATH}/Alamofire.framework",
				"${TARGET_BUILD_DIR}/${FRAMEWORKS_FOLDER_PATH}/SDWebImage.framework",
				"${TARGET_BUILD_DIR}/${FRAMEWORKS_FOLDER_PATH}/SnapKit.framework",
			);
			runOnlyForDeploymentPostprocessing = 0;
			shellPath = /bin/sh;
			shellScript = "\"${SRCROOT}/Pods/Target Support Files/Pods-EliteTestApp/Pods-EliteTestApp-frameworks.sh\"\n";
			showEnvVarsInLog = 0;
		};
		3A278AB6EC6FE8E7E3845799 /* [CP] Check Pods Manifest.lock */ = {
			isa = PBXShellScriptBuildPhase;
			buildActionMask = 2147483647;
			files = (
			);
			inputPaths = (
				"${PODS_PODFILE_DIR_PATH}/Podfile.lock",
				"${PODS_ROOT}/Manifest.lock",
			);
			name = "[CP] Check Pods Manifest.lock";
			outputPaths = (
				"$(DERIVED_FILE_DIR)/Pods-EliteTestApp-checkManifestLockResult.txt",
			);
			runOnlyForDeploymentPostprocessing = 0;
			shellPath = /bin/sh;
			shellScript = "diff \"${PODS_PODFILE_DIR_PATH}/Podfile.lock\" \"${PODS_ROOT}/Manifest.lock\" > /dev/null\nif [ $? != 0 ] ; then\n    # print error to STDERR\n    echo \"error: The sandbox is not in sync with the Podfile.lock. Run 'pod install' or update your CocoaPods installation.\" >&2\n    exit 1\nfi\n# This output is used by Xcode 'outputs' to avoid re-running this script phase.\necho \"SUCCESS\" > \"${SCRIPT_OUTPUT_FILE_0}\"\n";
			showEnvVarsInLog = 0;
		};
		CD2BC9B515134EBA5054FDFB /* [CP] Copy Pods Resources */ = {
			isa = PBXShellScriptBuildPhase;
			buildActionMask = 2147483647;
			files = (
			);
			inputPaths = (
			);
			name = "[CP] Copy Pods Resources";
			outputPaths = (
			);
			runOnlyForDeploymentPostprocessing = 0;
			shellPath = /bin/sh;
			shellScript = "\"${SRCROOT}/Pods/Target Support Files/Pods-EliteTestApp/Pods-EliteTestApp-resources.sh\"\n";
			showEnvVarsInLog = 0;
		};
/* End PBXShellScriptBuildPhase section */

/* Begin PBXSourcesBuildPhase section */
		18FAD59220CA2DFB00ECC6CF /* Sources */ = {
			isa = PBXSourcesBuildPhase;
			buildActionMask = 2147483647;
			files = (
				1829953120CC81D800099E2D /* AdTableViewCell.swift in Sources */,
				1829953320CC825900099E2D /* VisitWebsiteTableViewCell.swift in Sources */,
				1829952A20CB340500099E2D /* HomeViewController.swift in Sources */,
				1829952720CB33C800099E2D /* BaseViewController.swift in Sources */,
				1829953520CCD9FA00099E2D /* Header.swift in Sources */,
				18FAD59A20CA2DFB00ECC6CF /* AppDelegate.swift in Sources */,
			);
			runOnlyForDeploymentPostprocessing = 0;
		};
		18FAD5A620CA2DFB00ECC6CF /* Sources */ = {
			isa = PBXSourcesBuildPhase;
			buildActionMask = 2147483647;
			files = (
				18FAD5AF20CA2DFB00ECC6CF /* EliteTestAppTests.swift in Sources */,
			);
			runOnlyForDeploymentPostprocessing = 0;
		};
		18FAD5B120CA2DFB00ECC6CF /* Sources */ = {
			isa = PBXSourcesBuildPhase;
			buildActionMask = 2147483647;
			files = (
				18FAD5BA20CA2DFB00ECC6CF /* EliteTestAppUITests.swift in Sources */,
			);
			runOnlyForDeploymentPostprocessing = 0;
		};
/* End PBXSourcesBuildPhase section */

/* Begin PBXTargetDependency section */
		18FAD5AC20CA2DFB00ECC6CF /* PBXTargetDependency */ = {
			isa = PBXTargetDependency;
			target = 18FAD59520CA2DFB00ECC6CF /* EliteTestApp */;
			targetProxy = 18FAD5AB20CA2DFB00ECC6CF /* PBXContainerItemProxy */;
		};
		18FAD5B720CA2DFB00ECC6CF /* PBXTargetDependency */ = {
			isa = PBXTargetDependency;
			target = 18FAD59520CA2DFB00ECC6CF /* EliteTestApp */;
			targetProxy = 18FAD5B620CA2DFB00ECC6CF /* PBXContainerItemProxy */;
		};
/* End PBXTargetDependency section */

/* Begin PBXVariantGroup section */
		18FAD59D20CA2DFB00ECC6CF /* Main.storyboard */ = {
			isa = PBXVariantGroup;
			children = (
				18FAD59E20CA2DFB00ECC6CF /* Base */,
			);
			name = Main.storyboard;
			sourceTree = "<group>";
		};
		18FAD5A220CA2DFB00ECC6CF /* LaunchScreen.storyboard */ = {
			isa = PBXVariantGroup;
			children = (
				18FAD5A320CA2DFB00ECC6CF /* Base */,
			);
			name = LaunchScreen.storyboard;
			sourceTree = "<group>";
		};
/* End PBXVariantGroup section */

/* Begin XCBuildConfiguration section */
		18FAD5BC20CA2DFB00ECC6CF /* Debug */ = {
			isa = XCBuildConfiguration;
			buildSettings = {
				ALWAYS_SEARCH_USER_PATHS = NO;
				CLANG_ANALYZER_NONNULL = YES;
				CLANG_ANALYZER_NUMBER_OBJECT_CONVERSION = YES_AGGRESSIVE;
				CLANG_CXX_LANGUAGE_STANDARD = "gnu++14";
				CLANG_CXX_LIBRARY = "libc++";
				CLANG_ENABLE_MODULES = YES;
				CLANG_ENABLE_OBJC_ARC = YES;
				CLANG_WARN_BLOCK_CAPTURE_AUTORELEASING = YES;
				CLANG_WARN_BOOL_CONVERSION = YES;
				CLANG_WARN_COMMA = YES;
				CLANG_WARN_CONSTANT_CONVERSION = YES;
				CLANG_WARN_DIRECT_OBJC_ISA_USAGE = YES_ERROR;
				CLANG_WARN_DOCUMENTATION_COMMENTS = YES;
				CLANG_WARN_EMPTY_BODY = YES;
				CLANG_WARN_ENUM_CONVERSION = YES;
				CLANG_WARN_INFINITE_RECURSION = YES;
				CLANG_WARN_INT_CONVERSION = YES;
				CLANG_WARN_NON_LITERAL_NULL_CONVERSION = YES;
				CLANG_WARN_OBJC_LITERAL_CONVERSION = YES;
				CLANG_WARN_OBJC_ROOT_CLASS = YES_ERROR;
				CLANG_WARN_RANGE_LOOP_ANALYSIS = YES;
				CLANG_WARN_STRICT_PROTOTYPES = YES;
				CLANG_WARN_SUSPICIOUS_MOVE = YES;
				CLANG_WARN_UNGUARDED_AVAILABILITY = YES_AGGRESSIVE;
				CLANG_WARN_UNREACHABLE_CODE = YES;
				CLANG_WARN__DUPLICATE_METHOD_MATCH = YES;
				CODE_SIGN_IDENTITY = "iPhone Developer";
				COPY_PHASE_STRIP = NO;
				DEBUG_INFORMATION_FORMAT = dwarf;
				ENABLE_STRICT_OBJC_MSGSEND = YES;
				ENABLE_TESTABILITY = YES;
				GCC_C_LANGUAGE_STANDARD = gnu11;
				GCC_DYNAMIC_NO_PIC = NO;
				GCC_NO_COMMON_BLOCKS = YES;
				GCC_OPTIMIZATION_LEVEL = 0;
				GCC_PREPROCESSOR_DEFINITIONS = (
					"DEBUG=1",
					"$(inherited)",
				);
				GCC_WARN_64_TO_32_BIT_CONVERSION = YES;
				GCC_WARN_ABOUT_RETURN_TYPE = YES_ERROR;
				GCC_WARN_UNDECLARED_SELECTOR = YES;
				GCC_WARN_UNINITIALIZED_AUTOS = YES_AGGRESSIVE;
				GCC_WARN_UNUSED_FUNCTION = YES;
				GCC_WARN_UNUSED_VARIABLE = YES;
				IPHONEOS_DEPLOYMENT_TARGET = 11.2;
				MTL_ENABLE_DEBUG_INFO = YES;
				ONLY_ACTIVE_ARCH = YES;
				SDKROOT = iphoneos;
				SWIFT_ACTIVE_COMPILATION_CONDITIONS = DEBUG;
				SWIFT_OPTIMIZATION_LEVEL = "-Onone";
			};
			name = Debug;
		};
		18FAD5BD20CA2DFB00ECC6CF /* Release */ = {
			isa = XCBuildConfiguration;
			buildSettings = {
				ALWAYS_SEARCH_USER_PATHS = NO;
				CLANG_ANALYZER_NONNULL = YES;
				CLANG_ANALYZER_NUMBER_OBJECT_CONVERSION = YES_AGGRESSIVE;
				CLANG_CXX_LANGUAGE_STANDARD = "gnu++14";
				CLANG_CXX_LIBRARY = "libc++";
				CLANG_ENABLE_MODULES = YES;
				CLANG_ENABLE_OBJC_ARC = YES;
				CLANG_WARN_BLOCK_CAPTURE_AUTORELEASING = YES;
				CLANG_WARN_BOOL_CONVERSION = YES;
				CLANG_WARN_COMMA = YES;
				CLANG_WARN_CONSTANT_CONVERSION = YES;
				CLANG_WARN_DIRECT_OBJC_ISA_USAGE = YES_ERROR;
				CLANG_WARN_DOCUMENTATION_COMMENTS = YES;
				CLANG_WARN_EMPTY_BODY = YES;
				CLANG_WARN_ENUM_CONVERSION = YES;
				CLANG_WARN_INFINITE_RECURSION = YES;
				CLANG_WARN_INT_CONVERSION = YES;
				CLANG_WARN_NON_LITERAL_NULL_CONVERSION = YES;
				CLANG_WARN_OBJC_LITERAL_CONVERSION = YES;
				CLANG_WARN_OBJC_ROOT_CLASS = YES_ERROR;
				CLANG_WARN_RANGE_LOOP_ANALYSIS = YES;
				CLANG_WARN_STRICT_PROTOTYPES = YES;
				CLANG_WARN_SUSPICIOUS_MOVE = YES;
				CLANG_WARN_UNGUARDED_AVAILABILITY = YES_AGGRESSIVE;
				CLANG_WARN_UNREACHABLE_CODE = YES;
				CLANG_WARN__DUPLICATE_METHOD_MATCH = YES;
				CODE_SIGN_IDENTITY = "iPhone Developer";
				COPY_PHASE_STRIP = NO;
				DEBUG_INFORMATION_FORMAT = "dwarf-with-dsym";
				ENABLE_NS_ASSERTIONS = NO;
				ENABLE_STRICT_OBJC_MSGSEND = YES;
				GCC_C_LANGUAGE_STANDARD = gnu11;
				GCC_NO_COMMON_BLOCKS = YES;
				GCC_WARN_64_TO_32_BIT_CONVERSION = YES;
				GCC_WARN_ABOUT_RETURN_TYPE = YES_ERROR;
				GCC_WARN_UNDECLARED_SELECTOR = YES;
				GCC_WARN_UNINITIALIZED_AUTOS = YES_AGGRESSIVE;
				GCC_WARN_UNUSED_FUNCTION = YES;
				GCC_WARN_UNUSED_VARIABLE = YES;
				IPHONEOS_DEPLOYMENT_TARGET = 11.2;
				MTL_ENABLE_DEBUG_INFO = NO;
				SDKROOT = iphoneos;
				SWIFT_OPTIMIZATION_LEVEL = "-Owholemodule";
				VALIDATE_PRODUCT = YES;
			};
			name = Release;
		};
		18FAD5BF20CA2DFB00ECC6CF /* Debug */ = {
			isa = XCBuildConfiguration;
			baseConfigurationReference = 7082ECBFD6B87B15A28F7F18 /* Pods-EliteTestApp.debug.xcconfig */;
			buildSettings = {
				ASSETCATALOG_COMPILER_APPICON_NAME = AppIcon;
				ASSETCATALOG_COMPILER_LAUNCHIMAGE_NAME = LaunchImage;
				CODE_SIGN_STYLE = Manual;
				DEVELOPMENT_TEAM = "";
				INFOPLIST_FILE = EliteTestApp/Info.plist;
				IPHONEOS_DEPLOYMENT_TARGET = 8.0;
				LD_RUNPATH_SEARCH_PATHS = "$(inherited) @executable_path/Frameworks";
				PRODUCT_BUNDLE_IDENTIFIER = Ariel.EliteTestApp;
				PRODUCT_NAME = "$(TARGET_NAME)";
				PROVISIONING_PROFILE_SPECIFIER = "";
				SWIFT_VERSION = 4.0;
				TARGETED_DEVICE_FAMILY = "1,2";
			};
			name = Debug;
		};
		18FAD5C020CA2DFB00ECC6CF /* Release */ = {
			isa = XCBuildConfiguration;
			baseConfigurationReference = F605A4F062317CE0269501A5 /* Pods-EliteTestApp.release.xcconfig */;
			buildSettings = {
				ASSETCATALOG_COMPILER_APPICON_NAME = AppIcon;
				ASSETCATALOG_COMPILER_LAUNCHIMAGE_NAME = LaunchImage;
				CODE_SIGN_STYLE = Manual;
				DEVELOPMENT_TEAM = "";
				INFOPLIST_FILE = EliteTestApp/Info.plist;
				IPHONEOS_DEPLOYMENT_TARGET = 8.0;
				LD_RUNPATH_SEARCH_PATHS = "$(inherited) @executable_path/Frameworks";
				PRODUCT_BUNDLE_IDENTIFIER = Ariel.EliteTestApp;
				PRODUCT_NAME = "$(TARGET_NAME)";
				PROVISIONING_PROFILE_SPECIFIER = "";
				SWIFT_VERSION = 4.0;
				TARGETED_DEVICE_FAMILY = "1,2";
			};
			name = Release;
		};
		18FAD5C220CA2DFB00ECC6CF /* Debug */ = {
			isa = XCBuildConfiguration;
			buildSettings = {
				ALWAYS_EMBED_SWIFT_STANDARD_LIBRARIES = YES;
				BUNDLE_LOADER = "$(TEST_HOST)";
				CODE_SIGN_STYLE = Automatic;
				DEVELOPMENT_TEAM = 9356HDCM28;
				INFOPLIST_FILE = EliteTestAppTests/Info.plist;
				LD_RUNPATH_SEARCH_PATHS = "$(inherited) @executable_path/Frameworks @loader_path/Frameworks";
				PRODUCT_BUNDLE_IDENTIFIER = Ariel.EliteTestAppTests;
				PRODUCT_NAME = "$(TARGET_NAME)";
				SWIFT_VERSION = 4.0;
				TARGETED_DEVICE_FAMILY = "1,2";
				TEST_HOST = "$(BUILT_PRODUCTS_DIR)/EliteTestApp.app/EliteTestApp";
			};
			name = Debug;
		};
		18FAD5C320CA2DFB00ECC6CF /* Release */ = {
			isa = XCBuildConfiguration;
			buildSettings = {
				ALWAYS_EMBED_SWIFT_STANDARD_LIBRARIES = YES;
				BUNDLE_LOADER = "$(TEST_HOST)";
				CODE_SIGN_STYLE = Automatic;
				DEVELOPMENT_TEAM = 9356HDCM28;
				INFOPLIST_FILE = EliteTestAppTests/Info.plist;
				LD_RUNPATH_SEARCH_PATHS = "$(inherited) @executable_path/Frameworks @loader_path/Frameworks";
				PRODUCT_BUNDLE_IDENTIFIER = Ariel.EliteTestAppTests;
				PRODUCT_NAME = "$(TARGET_NAME)";
				SWIFT_VERSION = 4.0;
				TARGETED_DEVICE_FAMILY = "1,2";
				TEST_HOST = "$(BUILT_PRODUCTS_DIR)/EliteTestApp.app/EliteTestApp";
			};
			name = Release;
		};
		18FAD5C520CA2DFB00ECC6CF /* Debug */ = {
			isa = XCBuildConfiguration;
			buildSettings = {
				ALWAYS_EMBED_SWIFT_STANDARD_LIBRARIES = YES;
				CODE_SIGN_STYLE = Automatic;
				DEVELOPMENT_TEAM = 9356HDCM28;
				INFOPLIST_FILE = EliteTestAppUITests/Info.plist;
				LD_RUNPATH_SEARCH_PATHS = "$(inherited) @executable_path/Frameworks @loader_path/Frameworks";
				PRODUCT_BUNDLE_IDENTIFIER = Ariel.EliteTestAppUITests;
				PRODUCT_NAME = "$(TARGET_NAME)";
				SWIFT_VERSION = 4.0;
				TARGETED_DEVICE_FAMILY = "1,2";
				TEST_TARGET_NAME = EliteTestApp;
			};
			name = Debug;
		};
		18FAD5C620CA2DFB00ECC6CF /* Release */ = {
			isa = XCBuildConfiguration;
			buildSettings = {
				ALWAYS_EMBED_SWIFT_STANDARD_LIBRARIES = YES;
				CODE_SIGN_STYLE = Automatic;
				DEVELOPMENT_TEAM = 9356HDCM28;
				INFOPLIST_FILE = EliteTestAppUITests/Info.plist;
				LD_RUNPATH_SEARCH_PATHS = "$(inherited) @executable_path/Frameworks @loader_path/Frameworks";
				PRODUCT_BUNDLE_IDENTIFIER = Ariel.EliteTestAppUITests;
				PRODUCT_NAME = "$(TARGET_NAME)";
				SWIFT_VERSION = 4.0;
				TARGETED_DEVICE_FAMILY = "1,2";
				TEST_TARGET_NAME = EliteTestApp;
			};
			name = Release;
		};
/* End XCBuildConfiguration section */

/* Begin XCConfigurationList section */
		18FAD59120CA2DFB00ECC6CF /* Build configuration list for PBXProject "EliteTestApp" */ = {
			isa = XCConfigurationList;
			buildConfigurations = (
				18FAD5BC20CA2DFB00ECC6CF /* Debug */,
				18FAD5BD20CA2DFB00ECC6CF /* Release */,
			);
			defaultConfigurationIsVisible = 0;
			defaultConfigurationName = Release;
		};
		18FAD5BE20CA2DFB00ECC6CF /* Build configuration list for PBXNativeTarget "EliteTestApp" */ = {
			isa = XCConfigurationList;
			buildConfigurations = (
				18FAD5BF20CA2DFB00ECC6CF /* Debug */,
				18FAD5C020CA2DFB00ECC6CF /* Release */,
			);
			defaultConfigurationIsVisible = 0;
			defaultConfigurationName = Release;
		};
		18FAD5C120CA2DFB00ECC6CF /* Build configuration list for PBXNativeTarget "EliteTestAppTests" */ = {
			isa = XCConfigurationList;
			buildConfigurations = (
				18FAD5C220CA2DFB00ECC6CF /* Debug */,
				18FAD5C320CA2DFB00ECC6CF /* Release */,
			);
			defaultConfigurationIsVisible = 0;
			defaultConfigurationName = Release;
		};
		18FAD5C420CA2DFB00ECC6CF /* Build configuration list for PBXNativeTarget "EliteTestAppUITests" */ = {
			isa = XCConfigurationList;
			buildConfigurations = (
				18FAD5C520CA2DFB00ECC6CF /* Debug */,
				18FAD5C620CA2DFB00ECC6CF /* Release */,
			);
			defaultConfigurationIsVisible = 0;
			defaultConfigurationName = Release;
		};
/* End XCConfigurationList section */
	};
	rootObject = 18FAD58E20CA2DFB00ECC6CF /* Project object */;
}
