// !$*UTF8*$!
{
	archiveVersion = 1;
	classes = {
	};
	objectVersion = 48;
	objects = {

/* Begin PBXBuildFile section */
		1829952720CB33C800099E2D /* BaseViewController.swift in Sources */ = {isa = PBXBuildFile; fileRef = 1829952620CB33C800099E2D /* BaseViewController.swift */; };
		1829952A20CB340500099E2D /* HomeViewController.swift in Sources */ = {isa = PBXBuildFile; fileRef = 1829952820CB340500099E2D /* HomeViewController.swift */; };
		1829953520CCD9FA00099E2D /* Header.swift in Sources */ = {isa = PBXBuildFile; fileRef = 1829953420CCD9FA00099E2D /* Header.swift */; };
		182996E120CF75F200099E2D /* YYTextContainerView.m in Sources */ = {isa = PBXBuildFile; fileRef = 182996AF20CF75F200099E2D /* YYTextContainerView.m */; };
		182996E220CF75F200099E2D /* YYTextDebugOption.m in Sources */ = {isa = PBXBuildFile; fileRef = 182996B120CF75F200099E2D /* YYTextDebugOption.m */; };
		182996E320CF75F200099E2D /* YYTextEffectWindow.m in Sources */ = {isa = PBXBuildFile; fileRef = 182996B320CF75F200099E2D /* YYTextEffectWindow.m */; };
		182996E420CF75F200099E2D /* YYTextInput.m in Sources */ = {isa = PBXBuildFile; fileRef = 182996B520CF75F200099E2D /* YYTextInput.m */; };
		182996E520CF75F200099E2D /* YYTextKeyboardManager.m in Sources */ = {isa = PBXBuildFile; fileRef = 182996B720CF75F200099E2D /* YYTextKeyboardManager.m */; };
		182996E620CF75F200099E2D /* YYTextLayout.m in Sources */ = {isa = PBXBuildFile; fileRef = 182996B920CF75F200099E2D /* YYTextLayout.m */; };
		182996E720CF75F200099E2D /* YYTextLine.m in Sources */ = {isa = PBXBuildFile; fileRef = 182996BB20CF75F200099E2D /* YYTextLine.m */; };
		182996E820CF75F200099E2D /* YYTextMagnifier.m in Sources */ = {isa = PBXBuildFile; fileRef = 182996BD20CF75F200099E2D /* YYTextMagnifier.m */; };
		182996E920CF75F200099E2D /* YYTextSelectionView.m in Sources */ = {isa = PBXBuildFile; fileRef = 182996BF20CF75F200099E2D /* YYTextSelectionView.m */; };
		182996EA20CF75F200099E2D /* YYTextArchiver.m in Sources */ = {isa = PBXBuildFile; fileRef = 182996C220CF75F200099E2D /* YYTextArchiver.m */; };
		182996EB20CF75F200099E2D /* YYTextAttribute.m in Sources */ = {isa = PBXBuildFile; fileRef = 182996C420CF75F200099E2D /* YYTextAttribute.m */; };
		182996EC20CF75F200099E2D /* YYTextParser.m in Sources */ = {isa = PBXBuildFile; fileRef = 182996C620CF75F200099E2D /* YYTextParser.m */; };
		182996ED20CF75F200099E2D /* YYTextRubyAnnotation.m in Sources */ = {isa = PBXBuildFile; fileRef = 182996C820CF75F200099E2D /* YYTextRubyAnnotation.m */; };
		182996EE20CF75F200099E2D /* YYTextRunDelegate.m in Sources */ = {isa = PBXBuildFile; fileRef = 182996CA20CF75F200099E2D /* YYTextRunDelegate.m */; };
		182996EF20CF75F200099E2D /* NSAttributedString+YYText.m in Sources */ = {isa = PBXBuildFile; fileRef = 182996CD20CF75F200099E2D /* NSAttributedString+YYText.m */; };
		182996F020CF75F200099E2D /* NSParagraphStyle+YYText.m in Sources */ = {isa = PBXBuildFile; fileRef = 182996CF20CF75F200099E2D /* NSParagraphStyle+YYText.m */; };
		182996F120CF75F200099E2D /* UIPasteboard+YYText.m in Sources */ = {isa = PBXBuildFile; fileRef = 182996D120CF75F200099E2D /* UIPasteboard+YYText.m */; };
		182996F220CF75F200099E2D /* UIView+YYText.m in Sources */ = {isa = PBXBuildFile; fileRef = 182996D320CF75F200099E2D /* UIView+YYText.m */; };
		182996F320CF75F200099E2D /* YYTextAsyncLayer.m in Sources */ = {isa = PBXBuildFile; fileRef = 182996D520CF75F200099E2D /* YYTextAsyncLayer.m */; };
		182996F420CF75F200099E2D /* YYTextTransaction.m in Sources */ = {isa = PBXBuildFile; fileRef = 182996D720CF75F200099E2D /* YYTextTransaction.m */; };
		182996F520CF75F200099E2D /* YYTextUtilities.m in Sources */ = {isa = PBXBuildFile; fileRef = 182996D920CF75F200099E2D /* YYTextUtilities.m */; };
		182996F620CF75F200099E2D /* YYTextWeakProxy.m in Sources */ = {isa = PBXBuildFile; fileRef = 182996DB20CF75F200099E2D /* YYTextWeakProxy.m */; };
		182996F720CF75F200099E2D /* YYLabel.m in Sources */ = {isa = PBXBuildFile; fileRef = 182996DD20CF75F200099E2D /* YYLabel.m */; };
		182996F820CF75F200099E2D /* YYTextView.m in Sources */ = {isa = PBXBuildFile; fileRef = 182996E020CF75F200099E2D /* YYTextView.m */; };
		182996FF20CF762500099E2D /* CycleLayout.swift in Sources */ = {isa = PBXBuildFile; fileRef = 182996FB20CF762400099E2D /* CycleLayout.swift */; };
		1829970020CF762500099E2D /* CycleView.swift in Sources */ = {isa = PBXBuildFile; fileRef = 182996FC20CF762400099E2D /* CycleView.swift */; };
		1829970120CF762500099E2D /* CycleViewCell.swift in Sources */ = {isa = PBXBuildFile; fileRef = 182996FD20CF762400099E2D /* CycleViewCell.swift */; };
		1829970220CF762500099E2D /* PageControl.swift in Sources */ = {isa = PBXBuildFile; fileRef = 182996FE20CF762400099E2D /* PageControl.swift */; };
		18FAD59A20CA2DFB00ECC6CF /* AppDelegate.swift in Sources */ = {isa = PBXBuildFile; fileRef = 18FAD59920CA2DFB00ECC6CF /* AppDelegate.swift */; };
		18FAD59F20CA2DFB00ECC6CF /* Main.storyboard in Resources */ = {isa = PBXBuildFile; fileRef = 18FAD59D20CA2DFB00ECC6CF /* Main.storyboard */; };
		18FAD5A120CA2DFB00ECC6CF /* Assets.xcassets in Resources */ = {isa = PBXBuildFile; fileRef = 18FAD5A020CA2DFB00ECC6CF /* Assets.xcassets */; };
		18FAD5A420CA2DFB00ECC6CF /* LaunchScreen.storyboard in Resources */ = {isa = PBXBuildFile; fileRef = 18FAD5A220CA2DFB00ECC6CF /* LaunchScreen.storyboard */; };
		18FAD5AF20CA2DFB00ECC6CF /* EliteTestAppTests.swift in Sources */ = {isa = PBXBuildFile; fileRef = 18FAD5AE20CA2DFB00ECC6CF /* EliteTestAppTests.swift */; };
		18FAD5BA20CA2DFB00ECC6CF /* EliteTestAppUITests.swift in Sources */ = {isa = PBXBuildFile; fileRef = 18FAD5B920CA2DFB00ECC6CF /* EliteTestAppUITests.swift */; };
		4411067A8B0D0A827853BEDA /* Pods_EliteTestApp.framework in Frameworks */ = {isa = PBXBuildFile; fileRef = 0EC183578288628C91B05D38 /* Pods_EliteTestApp.framework */; };
		75078A0720CF6F2B00363F9B /* GroupOrderCell.swift in Sources */ = {isa = PBXBuildFile; fileRef = 75078A0620CF6F2B00363F9B /* GroupOrderCell.swift */; };
		7531394C20CDB9B500A042A4 /* BottomView.swift in Sources */ = {isa = PBXBuildFile; fileRef = 7531394B20CDB9B500A042A4 /* BottomView.swift */; };
		7531394E20CDCBFD00A042A4 /* ListOrderCell.swift in Sources */ = {isa = PBXBuildFile; fileRef = 7531394D20CDCBFD00A042A4 /* ListOrderCell.swift */; };
		7531395020CDCC2600A042A4 /* WelcomeCell.swift in Sources */ = {isa = PBXBuildFile; fileRef = 7531394F20CDCC2600A042A4 /* WelcomeCell.swift */; };
		7531395220CDCC4F00A042A4 /* DetailOrderCell.swift in Sources */ = {isa = PBXBuildFile; fileRef = 7531395120CDCC4F00A042A4 /* DetailOrderCell.swift */; };
		7531395420CDCCDD00A042A4 /* BaseTableViewCell.swift in Sources */ = {isa = PBXBuildFile; fileRef = 7531395320CDCCDD00A042A4 /* BaseTableViewCell.swift */; };
		7531395620CDD01100A042A4 /* OrderListViewController.swift in Sources */ = {isa = PBXBuildFile; fileRef = 7531395520CDD01100A042A4 /* OrderListViewController.swift */; };
		7531395820CDD0C900A042A4 /* OrderDetailViewController.swift in Sources */ = {isa = PBXBuildFile; fileRef = 7531395720CDD0C900A042A4 /* OrderDetailViewController.swift */; };
		7531395B20CDF84000A042A4 /* OrderModel.swift in Sources */ = {isa = PBXBuildFile; fileRef = 7531395A20CDF84000A042A4 /* OrderModel.swift */; };
		7531395D20CDF95800A042A4 /* WeclomeModel.swift in Sources */ = {isa = PBXBuildFile; fileRef = 7531395C20CDF95800A042A4 /* WeclomeModel.swift */; };
/* End PBXBuildFile section */

/* Begin PBXContainerItemProxy section */
		18FAD5AB20CA2DFB00ECC6CF /* PBXContainerItemProxy */ = {
			isa = PBXContainerItemProxy;
			containerPortal = 18FAD58E20CA2DFB00ECC6CF /* Project object */;
			proxyType = 1;
			remoteGlobalIDString = 18FAD59520CA2DFB00ECC6CF;
			remoteInfo = EliteTestApp;
		};
		18FAD5B620CA2DFB00ECC6CF /* PBXContainerItemProxy */ = {
			isa = PBXContainerItemProxy;
			containerPortal = 18FAD58E20CA2DFB00ECC6CF /* Project object */;
			proxyType = 1;
			remoteGlobalIDString = 18FAD59520CA2DFB00ECC6CF;
			remoteInfo = EliteTestApp;
		};
/* End PBXContainerItemProxy section */

/* Begin PBXFileReference section */
		0EC183578288628C91B05D38 /* Pods_EliteTestApp.framework */ = {isa = PBXFileReference; explicitFileType = wrapper.framework; includeInIndex = 0; path = Pods_EliteTestApp.framework; sourceTree = BUILT_PRODUCTS_DIR; };
		1829952620CB33C800099E2D /* BaseViewController.swift */ = {isa = PBXFileReference; lastKnownFileType = sourcecode.swift; path = BaseViewController.swift; sourceTree = "<group>"; };
		1829952820CB340500099E2D /* HomeViewController.swift */ = {isa = PBXFileReference; lastKnownFileType = sourcecode.swift; path = HomeViewController.swift; sourceTree = "<group>"; };
		1829953420CCD9FA00099E2D /* Header.swift */ = {isa = PBXFileReference; fileEncoding = 4; lastKnownFileType = sourcecode.swift; path = Header.swift; sourceTree = "<group>"; };
		182996AE20CF75F200099E2D /* YYTextContainerView.h */ = {isa = PBXFileReference; fileEncoding = 4; lastKnownFileType = sourcecode.c.h; path = YYTextContainerView.h; sourceTree = "<group>"; };
		182996AF20CF75F200099E2D /* YYTextContainerView.m */ = {isa = PBXFileReference; fileEncoding = 4; lastKnownFileType = sourcecode.c.objc; path = YYTextContainerView.m; sourceTree = "<group>"; };
		182996B020CF75F200099E2D /* YYTextDebugOption.h */ = {isa = PBXFileReference; fileEncoding = 4; lastKnownFileType = sourcecode.c.h; path = YYTextDebugOption.h; sourceTree = "<group>"; };
		182996B120CF75F200099E2D /* YYTextDebugOption.m */ = {isa = PBXFileReference; fileEncoding = 4; lastKnownFileType = sourcecode.c.objc; path = YYTextDebugOption.m; sourceTree = "<group>"; };
		182996B220CF75F200099E2D /* YYTextEffectWindow.h */ = {isa = PBXFileReference; fileEncoding = 4; lastKnownFileType = sourcecode.c.h; path = YYTextEffectWindow.h; sourceTree = "<group>"; };
		182996B320CF75F200099E2D /* YYTextEffectWindow.m */ = {isa = PBXFileReference; fileEncoding = 4; lastKnownFileType = sourcecode.c.objc; path = YYTextEffectWindow.m; sourceTree = "<group>"; };
		182996B420CF75F200099E2D /* YYTextInput.h */ = {isa = PBXFileReference; fileEncoding = 4; lastKnownFileType = sourcecode.c.h; path = YYTextInput.h; sourceTree = "<group>"; };
		182996B520CF75F200099E2D /* YYTextInput.m */ = {isa = PBXFileReference; fileEncoding = 4; lastKnownFileType = sourcecode.c.objc; path = YYTextInput.m; sourceTree = "<group>"; };
		182996B620CF75F200099E2D /* YYTextKeyboardManager.h */ = {isa = PBXFileReference; fileEncoding = 4; lastKnownFileType = sourcecode.c.h; path = YYTextKeyboardManager.h; sourceTree = "<group>"; };
		182996B720CF75F200099E2D /* YYTextKeyboardManager.m */ = {isa = PBXFileReference; fileEncoding = 4; lastKnownFileType = sourcecode.c.objc; path = YYTextKeyboardManager.m; sourceTree = "<group>"; };
		182996B820CF75F200099E2D /* YYTextLayout.h */ = {isa = PBXFileReference; fileEncoding = 4; lastKnownFileType = sourcecode.c.h; path = YYTextLayout.h; sourceTree = "<group>"; };
		182996B920CF75F200099E2D /* YYTextLayout.m */ = {isa = PBXFileReference; fileEncoding = 4; lastKnownFileType = sourcecode.c.objc; path = YYTextLayout.m; sourceTree = "<group>"; };
		182996BA20CF75F200099E2D /* YYTextLine.h */ = {isa = PBXFileReference; fileEncoding = 4; lastKnownFileType = sourcecode.c.h; path = YYTextLine.h; sourceTree = "<group>"; };
		182996BB20CF75F200099E2D /* YYTextLine.m */ = {isa = PBXFileReference; fileEncoding = 4; lastKnownFileType = sourcecode.c.objc; path = YYTextLine.m; sourceTree = "<group>"; };
		182996BC20CF75F200099E2D /* YYTextMagnifier.h */ = {isa = PBXFileReference; fileEncoding = 4; lastKnownFileType = sourcecode.c.h; path = YYTextMagnifier.h; sourceTree = "<group>"; };
		182996BD20CF75F200099E2D /* YYTextMagnifier.m */ = {isa = PBXFileReference; fileEncoding = 4; lastKnownFileType = sourcecode.c.objc; path = YYTextMagnifier.m; sourceTree = "<group>"; };
		182996BE20CF75F200099E2D /* YYTextSelectionView.h */ = {isa = PBXFileReference; fileEncoding = 4; lastKnownFileType = sourcecode.c.h; path = YYTextSelectionView.h; sourceTree = "<group>"; };
		182996BF20CF75F200099E2D /* YYTextSelectionView.m */ = {isa = PBXFileReference; fileEncoding = 4; lastKnownFileType = sourcecode.c.objc; path = YYTextSelectionView.m; sourceTree = "<group>"; };
		182996C120CF75F200099E2D /* YYTextArchiver.h */ = {isa = PBXFileReference; fileEncoding = 4; lastKnownFileType = sourcecode.c.h; path = YYTextArchiver.h; sourceTree = "<group>"; };
		182996C220CF75F200099E2D /* YYTextArchiver.m */ = {isa = PBXFileReference; fileEncoding = 4; lastKnownFileType = sourcecode.c.objc; path = YYTextArchiver.m; sourceTree = "<group>"; };
		182996C320CF75F200099E2D /* YYTextAttribute.h */ = {isa = PBXFileReference; fileEncoding = 4; lastKnownFileType = sourcecode.c.h; path = YYTextAttribute.h; sourceTree = "<group>"; };
		182996C420CF75F200099E2D /* YYTextAttribute.m */ = {isa = PBXFileReference; fileEncoding = 4; lastKnownFileType = sourcecode.c.objc; path = YYTextAttribute.m; sourceTree = "<group>"; };
		182996C520CF75F200099E2D /* YYTextParser.h */ = {isa = PBXFileReference; fileEncoding = 4; lastKnownFileType = sourcecode.c.h; path = YYTextParser.h; sourceTree = "<group>"; };
		182996C620CF75F200099E2D /* YYTextParser.m */ = {isa = PBXFileReference; fileEncoding = 4; lastKnownFileType = sourcecode.c.objc; path = YYTextParser.m; sourceTree = "<group>"; };
		182996C720CF75F200099E2D /* YYTextRubyAnnotation.h */ = {isa = PBXFileReference; fileEncoding = 4; lastKnownFileType = sourcecode.c.h; path = YYTextRubyAnnotation.h; sourceTree = "<group>"; };
		182996C820CF75F200099E2D /* YYTextRubyAnnotation.m */ = {isa = PBXFileReference; fileEncoding = 4; lastKnownFileType = sourcecode.c.objc; path = YYTextRubyAnnotation.m; sourceTree = "<group>"; };
		182996C920CF75F200099E2D /* YYTextRunDelegate.h */ = {isa = PBXFileReference; fileEncoding = 4; lastKnownFileType = sourcecode.c.h; path = YYTextRunDelegate.h; sourceTree = "<group>"; };
		182996CA20CF75F200099E2D /* YYTextRunDelegate.m */ = {isa = PBXFileReference; fileEncoding = 4; lastKnownFileType = sourcecode.c.objc; path = YYTextRunDelegate.m; sourceTree = "<group>"; };
		182996CC20CF75F200099E2D /* NSAttributedString+YYText.h */ = {isa = PBXFileReference; fileEncoding = 4; lastKnownFileType = sourcecode.c.h; path = "NSAttributedString+YYText.h"; sourceTree = "<group>"; };
		182996CD20CF75F200099E2D /* NSAttributedString+YYText.m */ = {isa = PBXFileReference; fileEncoding = 4; lastKnownFileType = sourcecode.c.objc; path = "NSAttributedString+YYText.m"; sourceTree = "<group>"; };
		182996CE20CF75F200099E2D /* NSParagraphStyle+YYText.h */ = {isa = PBXFileReference; fileEncoding = 4; lastKnownFileType = sourcecode.c.h; path = "NSParagraphStyle+YYText.h"; sourceTree = "<group>"; };
		182996CF20CF75F200099E2D /* NSParagraphStyle+YYText.m */ = {isa = PBXFileReference; fileEncoding = 4; lastKnownFileType = sourcecode.c.objc; path = "NSParagraphStyle+YYText.m"; sourceTree = "<group>"; };
		182996D020CF75F200099E2D /* UIPasteboard+YYText.h */ = {isa = PBXFileReference; fileEncoding = 4; lastKnownFileType = sourcecode.c.h; path = "UIPasteboard+YYText.h"; sourceTree = "<group>"; };
		182996D120CF75F200099E2D /* UIPasteboard+YYText.m */ = {isa = PBXFileReference; fileEncoding = 4; lastKnownFileType = sourcecode.c.objc; path = "UIPasteboard+YYText.m"; sourceTree = "<group>"; };
		182996D220CF75F200099E2D /* UIView+YYText.h */ = {isa = PBXFileReference; fileEncoding = 4; lastKnownFileType = sourcecode.c.h; path = "UIView+YYText.h"; sourceTree = "<group>"; };
		182996D320CF75F200099E2D /* UIView+YYText.m */ = {isa = PBXFileReference; fileEncoding = 4; lastKnownFileType = sourcecode.c.objc; path = "UIView+YYText.m"; sourceTree = "<group>"; };
		182996D420CF75F200099E2D /* YYTextAsyncLayer.h */ = {isa = PBXFileReference; fileEncoding = 4; lastKnownFileType = sourcecode.c.h; path = YYTextAsyncLayer.h; sourceTree = "<group>"; };
		182996D520CF75F200099E2D /* YYTextAsyncLayer.m */ = {isa = PBXFileReference; fileEncoding = 4; lastKnownFileType = sourcecode.c.objc; path = YYTextAsyncLayer.m; sourceTree = "<group>"; };
		182996D620CF75F200099E2D /* YYTextTransaction.h */ = {isa = PBXFileReference; fileEncoding = 4; lastKnownFileType = sourcecode.c.h; path = YYTextTransaction.h; sourceTree = "<group>"; };
		182996D720CF75F200099E2D /* YYTextTransaction.m */ = {isa = PBXFileReference; fileEncoding = 4; lastKnownFileType = sourcecode.c.objc; path = YYTextTransaction.m; sourceTree = "<group>"; };
		182996D820CF75F200099E2D /* YYTextUtilities.h */ = {isa = PBXFileReference; fileEncoding = 4; lastKnownFileType = sourcecode.c.h; path = YYTextUtilities.h; sourceTree = "<group>"; };
		182996D920CF75F200099E2D /* YYTextUtilities.m */ = {isa = PBXFileReference; fileEncoding = 4; lastKnownFileType = sourcecode.c.objc; path = YYTextUtilities.m; sourceTree = "<group>"; };
		182996DA20CF75F200099E2D /* YYTextWeakProxy.h */ = {isa = PBXFileReference; fileEncoding = 4; lastKnownFileType = sourcecode.c.h; path = YYTextWeakProxy.h; sourceTree = "<group>"; };
		182996DB20CF75F200099E2D /* YYTextWeakProxy.m */ = {isa = PBXFileReference; fileEncoding = 4; lastKnownFileType = sourcecode.c.objc; path = YYTextWeakProxy.m; sourceTree = "<group>"; };
		182996DC20CF75F200099E2D /* YYLabel.h */ = {isa = PBXFileReference; fileEncoding = 4; lastKnownFileType = sourcecode.c.h; path = YYLabel.h; sourceTree = "<group>"; };
		182996DD20CF75F200099E2D /* YYLabel.m */ = {isa = PBXFileReference; fileEncoding = 4; lastKnownFileType = sourcecode.c.objc; path = YYLabel.m; sourceTree = "<group>"; };
		182996DE20CF75F200099E2D /* YYText.h */ = {isa = PBXFileReference; fileEncoding = 4; lastKnownFileType = sourcecode.c.h; path = YYText.h; sourceTree = "<group>"; };
		182996DF20CF75F200099E2D /* YYTextView.h */ = {isa = PBXFileReference; fileEncoding = 4; lastKnownFileType = sourcecode.c.h; path = YYTextView.h; sourceTree = "<group>"; };
		182996E020CF75F200099E2D /* YYTextView.m */ = {isa = PBXFileReference; fileEncoding = 4; lastKnownFileType = sourcecode.c.objc; path = YYTextView.m; sourceTree = "<group>"; };
		182996F920CF760E00099E2D /* EliteTestApp-Bridging-Header.h */ = {isa = PBXFileReference; fileEncoding = 4; lastKnownFileType = sourcecode.c.h; path = "EliteTestApp-Bridging-Header.h"; sourceTree = "<group>"; };
		182996FB20CF762400099E2D /* CycleLayout.swift */ = {isa = PBXFileReference; fileEncoding = 4; lastKnownFileType = sourcecode.swift; path = CycleLayout.swift; sourceTree = "<group>"; };
		182996FC20CF762400099E2D /* CycleView.swift */ = {isa = PBXFileReference; fileEncoding = 4; lastKnownFileType = sourcecode.swift; path = CycleView.swift; sourceTree = "<group>"; };
		182996FD20CF762400099E2D /* CycleViewCell.swift */ = {isa = PBXFileReference; fileEncoding = 4; lastKnownFileType = sourcecode.swift; path = CycleViewCell.swift; sourceTree = "<group>"; };
		182996FE20CF762400099E2D /* PageControl.swift */ = {isa = PBXFileReference; fileEncoding = 4; lastKnownFileType = sourcecode.swift; path = PageControl.swift; sourceTree = "<group>"; };
		18FAD59620CA2DFB00ECC6CF /* EliteTestApp.app */ = {isa = PBXFileReference; explicitFileType = wrapper.application; includeInIndex = 0; path = EliteTestApp.app; sourceTree = BUILT_PRODUCTS_DIR; };
		18FAD59920CA2DFB00ECC6CF /* AppDelegate.swift */ = {isa = PBXFileReference; lastKnownFileType = sourcecode.swift; path = AppDelegate.swift; sourceTree = "<group>"; };
		18FAD59E20CA2DFB00ECC6CF /* Base */ = {isa = PBXFileReference; lastKnownFileType = file.storyboard; name = Base; path = Base.lproj/Main.storyboard; sourceTree = "<group>"; };
		18FAD5A020CA2DFB00ECC6CF /* Assets.xcassets */ = {isa = PBXFileReference; lastKnownFileType = folder.assetcatalog; path = Assets.xcassets; sourceTree = "<group>"; };
		18FAD5A320CA2DFB00ECC6CF /* Base */ = {isa = PBXFileReference; lastKnownFileType = file.storyboard; name = Base; path = Base.lproj/LaunchScreen.storyboard; sourceTree = "<group>"; };
		18FAD5A520CA2DFB00ECC6CF /* Info.plist */ = {isa = PBXFileReference; lastKnownFileType = text.plist.xml; path = Info.plist; sourceTree = "<group>"; };
		18FAD5AA20CA2DFB00ECC6CF /* EliteTestAppTests.xctest */ = {isa = PBXFileReference; explicitFileType = wrapper.cfbundle; includeInIndex = 0; path = EliteTestAppTests.xctest; sourceTree = BUILT_PRODUCTS_DIR; };
		18FAD5AE20CA2DFB00ECC6CF /* EliteTestAppTests.swift */ = {isa = PBXFileReference; lastKnownFileType = sourcecode.swift; path = EliteTestAppTests.swift; sourceTree = "<group>"; };
		18FAD5B020CA2DFB00ECC6CF /* Info.plist */ = {isa = PBXFileReference; lastKnownFileType = text.plist.xml; path = Info.plist; sourceTree = "<group>"; };
		18FAD5B520CA2DFB00ECC6CF /* EliteTestAppUITests.xctest */ = {isa = PBXFileReference; explicitFileType = wrapper.cfbundle; includeInIndex = 0; path = EliteTestAppUITests.xctest; sourceTree = BUILT_PRODUCTS_DIR; };
		18FAD5B920CA2DFB00ECC6CF /* EliteTestAppUITests.swift */ = {isa = PBXFileReference; lastKnownFileType = sourcecode.swift; path = EliteTestAppUITests.swift; sourceTree = "<group>"; };
		18FAD5BB20CA2DFB00ECC6CF /* Info.plist */ = {isa = PBXFileReference; lastKnownFileType = text.plist.xml; path = Info.plist; sourceTree = "<group>"; };
		7082ECBFD6B87B15A28F7F18 /* Pods-EliteTestApp.debug.xcconfig */ = {isa = PBXFileReference; includeInIndex = 1; lastKnownFileType = text.xcconfig; name = "Pods-EliteTestApp.debug.xcconfig"; path = "Pods/Target Support Files/Pods-EliteTestApp/Pods-EliteTestApp.debug.xcconfig"; sourceTree = "<group>"; };
		75078A0620CF6F2B00363F9B /* GroupOrderCell.swift */ = {isa = PBXFileReference; lastKnownFileType = sourcecode.swift; path = GroupOrderCell.swift; sourceTree = "<group>"; };
		7531394B20CDB9B500A042A4 /* BottomView.swift */ = {isa = PBXFileReference; lastKnownFileType = sourcecode.swift; path = BottomView.swift; sourceTree = "<group>"; };
		7531394D20CDCBFD00A042A4 /* ListOrderCell.swift */ = {isa = PBXFileReference; lastKnownFileType = sourcecode.swift; path = ListOrderCell.swift; sourceTree = "<group>"; };
		7531394F20CDCC2600A042A4 /* WelcomeCell.swift */ = {isa = PBXFileReference; lastKnownFileType = sourcecode.swift; path = WelcomeCell.swift; sourceTree = "<group>"; };
		7531395120CDCC4F00A042A4 /* DetailOrderCell.swift */ = {isa = PBXFileReference; lastKnownFileType = sourcecode.swift; path = DetailOrderCell.swift; sourceTree = "<group>"; };
		7531395320CDCCDD00A042A4 /* BaseTableViewCell.swift */ = {isa = PBXFileReference; lastKnownFileType = sourcecode.swift; path = BaseTableViewCell.swift; sourceTree = "<group>"; };
		7531395520CDD01100A042A4 /* OrderListViewController.swift */ = {isa = PBXFileReference; lastKnownFileType = sourcecode.swift; path = OrderListViewController.swift; sourceTree = "<group>"; };
		7531395720CDD0C900A042A4 /* OrderDetailViewController.swift */ = {isa = PBXFileReference; lastKnownFileType = sourcecode.swift; path = OrderDetailViewController.swift; sourceTree = "<group>"; };
		7531395A20CDF84000A042A4 /* OrderModel.swift */ = {isa = PBXFileReference; lastKnownFileType = sourcecode.swift; path = OrderModel.swift; sourceTree = "<group>"; };
		7531395C20CDF95800A042A4 /* WeclomeModel.swift */ = {isa = PBXFileReference; lastKnownFileType = sourcecode.swift; path = WeclomeModel.swift; sourceTree = "<group>"; };
		F605A4F062317CE0269501A5 /* Pods-EliteTestApp.release.xcconfig */ = {isa = PBXFileReference; includeInIndex = 1; lastKnownFileType = text.xcconfig; name = "Pods-EliteTestApp.release.xcconfig"; path = "Pods/Target Support Files/Pods-EliteTestApp/Pods-EliteTestApp.release.xcconfig"; sourceTree = "<group>"; };
/* End PBXFileReference section */

/* Begin PBXFrameworksBuildPhase section */
		18FAD59320CA2DFB00ECC6CF /* Frameworks */ = {
			isa = PBXFrameworksBuildPhase;
			buildActionMask = 2147483647;
			files = (
				4411067A8B0D0A827853BEDA /* Pods_EliteTestApp.framework in Frameworks */,
			);
			runOnlyForDeploymentPostprocessing = 0;
		};
		18FAD5A720CA2DFB00ECC6CF /* Frameworks */ = {
			isa = PBXFrameworksBuildPhase;
			buildActionMask = 2147483647;
			files = (
			);
			runOnlyForDeploymentPostprocessing = 0;
		};
		18FAD5B220CA2DFB00ECC6CF /* Frameworks */ = {
			isa = PBXFrameworksBuildPhase;
			buildActionMask = 2147483647;
			files = (
			);
			runOnlyForDeploymentPostprocessing = 0;
		};
/* End PBXFrameworksBuildPhase section */

/* Begin PBXGroup section */
		1829952520CB332100099E2D /* Controller */ = {
			isa = PBXGroup;
			children = (
				1829952620CB33C800099E2D /* BaseViewController.swift */,
				1829952820CB340500099E2D /* HomeViewController.swift */,
				7531395520CDD01100A042A4 /* OrderListViewController.swift */,
				7531395720CDD0C900A042A4 /* OrderDetailViewController.swift */,
			);
			path = Controller;
			sourceTree = "<group>";
		};
		1829952C20CB349900099E2D /* View */ = {
			isa = PBXGroup;
			children = (
				182996FA20CF762400099E2D /* CycleView */,
				1829952D20CB3A6900099E2D /* TableViewCell */,
				7531394B20CDB9B500A042A4 /* BottomView.swift */,
			);
			path = View;
			sourceTree = "<group>";
		};
		1829952D20CB3A6900099E2D /* TableViewCell */ = {
			isa = PBXGroup;
			children = (
				7531394D20CDCBFD00A042A4 /* ListOrderCell.swift */,
				7531394F20CDCC2600A042A4 /* WelcomeCell.swift */,
				7531395120CDCC4F00A042A4 /* DetailOrderCell.swift */,
				75078A0620CF6F2B00363F9B /* GroupOrderCell.swift */,
				7531395320CDCCDD00A042A4 /* BaseTableViewCell.swift */,
			);
			path = TableViewCell;
			sourceTree = "<group>";
		};
		1829969F20CF75F200099E2D /* Tools */ = {
			isa = PBXGroup;
			children = (
				182996F920CF760E00099E2D /* EliteTestApp-Bridging-Header.h */,
				182996AC20CF75F200099E2D /* YYText */,
			);
			path = Tools;
			sourceTree = "<group>";
		};
		182996AC20CF75F200099E2D /* YYText */ = {
			isa = PBXGroup;
			children = (
				182996AD20CF75F200099E2D /* Component */,
				182996C020CF75F200099E2D /* String */,
				182996CB20CF75F200099E2D /* Utility */,
				182996DC20CF75F200099E2D /* YYLabel.h */,
				182996DD20CF75F200099E2D /* YYLabel.m */,
				182996DE20CF75F200099E2D /* YYText.h */,
				182996DF20CF75F200099E2D /* YYTextView.h */,
				182996E020CF75F200099E2D /* YYTextView.m */,
			);
			path = YYText;
			sourceTree = "<group>";
		};
		182996AD20CF75F200099E2D /* Component */ = {
			isa = PBXGroup;
			children = (
				182996AE20CF75F200099E2D /* YYTextContainerView.h */,
				182996AF20CF75F200099E2D /* YYTextContainerView.m */,
				182996B020CF75F200099E2D /* YYTextDebugOption.h */,
				182996B120CF75F200099E2D /* YYTextDebugOption.m */,
				182996B220CF75F200099E2D /* YYTextEffectWindow.h */,
				182996B320CF75F200099E2D /* YYTextEffectWindow.m */,
				182996B420CF75F200099E2D /* YYTextInput.h */,
				182996B520CF75F200099E2D /* YYTextInput.m */,
				182996B620CF75F200099E2D /* YYTextKeyboardManager.h */,
				182996B720CF75F200099E2D /* YYTextKeyboardManager.m */,
				182996B820CF75F200099E2D /* YYTextLayout.h */,
				182996B920CF75F200099E2D /* YYTextLayout.m */,
				182996BA20CF75F200099E2D /* YYTextLine.h */,
				182996BB20CF75F200099E2D /* YYTextLine.m */,
				182996BC20CF75F200099E2D /* YYTextMagnifier.h */,
				182996BD20CF75F200099E2D /* YYTextMagnifier.m */,
				182996BE20CF75F200099E2D /* YYTextSelectionView.h */,
				182996BF20CF75F200099E2D /* YYTextSelectionView.m */,
			);
			path = Component;
			sourceTree = "<group>";
		};
		182996C020CF75F200099E2D /* String */ = {
			isa = PBXGroup;
			children = (
				182996C120CF75F200099E2D /* YYTextArchiver.h */,
				182996C220CF75F200099E2D /* YYTextArchiver.m */,
				182996C320CF75F200099E2D /* YYTextAttribute.h */,
				182996C420CF75F200099E2D /* YYTextAttribute.m */,
				182996C520CF75F200099E2D /* YYTextParser.h */,
				182996C620CF75F200099E2D /* YYTextParser.m */,
				182996C720CF75F200099E2D /* YYTextRubyAnnotation.h */,
				182996C820CF75F200099E2D /* YYTextRubyAnnotation.m */,
				182996C920CF75F200099E2D /* YYTextRunDelegate.h */,
				182996CA20CF75F200099E2D /* YYTextRunDelegate.m */,
			);
			path = String;
			sourceTree = "<group>";
		};
		182996CB20CF75F200099E2D /* Utility */ = {
			isa = PBXGroup;
			children = (
				182996CC20CF75F200099E2D /* NSAttributedString+YYText.h */,
				182996CD20CF75F200099E2D /* NSAttributedString+YYText.m */,
				182996CE20CF75F200099E2D /* NSParagraphStyle+YYText.h */,
				182996CF20CF75F200099E2D /* NSParagraphStyle+YYText.m */,
				182996D020CF75F200099E2D /* UIPasteboard+YYText.h */,
				182996D120CF75F200099E2D /* UIPasteboard+YYText.m */,
				182996D220CF75F200099E2D /* UIView+YYText.h */,
				182996D320CF75F200099E2D /* UIView+YYText.m */,
				182996D420CF75F200099E2D /* YYTextAsyncLayer.h */,
				182996D520CF75F200099E2D /* YYTextAsyncLayer.m */,
				182996D620CF75F200099E2D /* YYTextTransaction.h */,
				182996D720CF75F200099E2D /* YYTextTransaction.m */,
				182996D820CF75F200099E2D /* YYTextUtilities.h */,
				182996D920CF75F200099E2D /* YYTextUtilities.m */,
				182996DA20CF75F200099E2D /* YYTextWeakProxy.h */,
				182996DB20CF75F200099E2D /* YYTextWeakProxy.m */,
			);
			path = Utility;
			sourceTree = "<group>";
		};
		182996FA20CF762400099E2D /* CycleView */ = {
			isa = PBXGroup;
			children = (
				182996FB20CF762400099E2D /* CycleLayout.swift */,
				182996FC20CF762400099E2D /* CycleView.swift */,
				182996FD20CF762400099E2D /* CycleViewCell.swift */,
				182996FE20CF762400099E2D /* PageControl.swift */,
			);
			path = CycleView;
			sourceTree = "<group>";
		};
		182997AB20D0707300099E2D /* Resource */ = {
			isa = PBXGroup;
			children = (
			);
			path = Resource;
			sourceTree = "<group>";
		};
		18FAD58D20CA2DFB00ECC6CF = {
			isa = PBXGroup;
			children = (
				18FAD59820CA2DFB00ECC6CF /* EliteTestApp */,
				18FAD5AD20CA2DFB00ECC6CF /* EliteTestAppTests */,
				18FAD5B820CA2DFB00ECC6CF /* EliteTestAppUITests */,
				18FAD59720CA2DFB00ECC6CF /* Products */,
				43A45BA2ADFDF2457BDD7D60 /* Pods */,
				CDE47AB323B2D0040209E337 /* Frameworks */,
			);
			sourceTree = "<group>";
		};
		18FAD59720CA2DFB00ECC6CF /* Products */ = {
			isa = PBXGroup;
			children = (
				18FAD59620CA2DFB00ECC6CF /* EliteTestApp.app */,
				18FAD5AA20CA2DFB00ECC6CF /* EliteTestAppTests.xctest */,
				18FAD5B520CA2DFB00ECC6CF /* EliteTestAppUITests.xctest */,
			);
			name = Products;
			sourceTree = "<group>";
		};
		18FAD59820CA2DFB00ECC6CF /* EliteTestApp */ = {
			isa = PBXGroup;
			children = (
				182997AB20D0707300099E2D /* Resource */,
				1829969F20CF75F200099E2D /* Tools */,
				7531395920CDD24500A042A4 /* Model */,
				1829952C20CB349900099E2D /* View */,
				1829952520CB332100099E2D /* Controller */,
				18FAD59920CA2DFB00ECC6CF /* AppDelegate.swift */,
				18FAD59D20CA2DFB00ECC6CF /* Main.storyboard */,
				18FAD5A020CA2DFB00ECC6CF /* Assets.xcassets */,
				18FAD5A220CA2DFB00ECC6CF /* LaunchScreen.storyboard */,
				1829953420CCD9FA00099E2D /* Header.swift */,
				18FAD5A520CA2DFB00ECC6CF /* Info.plist */,
			);
			path = EliteTestApp;
			sourceTree = "<group>";
		};
		18FAD5AD20CA2DFB00ECC6CF /* EliteTestAppTests */ = {
			isa = PBXGroup;
			children = (
				18FAD5AE20CA2DFB00ECC6CF /* EliteTestAppTests.swift */,
				18FAD5B020CA2DFB00ECC6CF /* Info.plist */,
			);
			path = EliteTestAppTests;
			sourceTree = "<group>";
		};
		18FAD5B820CA2DFB00ECC6CF /* EliteTestAppUITests */ = {
			isa = PBXGroup;
			children = (
				18FAD5B920CA2DFB00ECC6CF /* EliteTestAppUITests.swift */,
				18FAD5BB20CA2DFB00ECC6CF /* Info.plist */,
			);
			path = EliteTestAppUITests;
			sourceTree = "<group>";
		};
		43A45BA2ADFDF2457BDD7D60 /* Pods */ = {
			isa = PBXGroup;
			children = (
				7082ECBFD6B87B15A28F7F18 /* Pods-EliteTestApp.debug.xcconfig */,
				F605A4F062317CE0269501A5 /* Pods-EliteTestApp.release.xcconfig */,
			);
			name = Pods;
			sourceTree = "<group>";
		};
		7531395920CDD24500A042A4 /* Model */ = {
			isa = PBXGroup;
			children = (
				7531395A20CDF84000A042A4 /* OrderModel.swift */,
				7531395C20CDF95800A042A4 /* WeclomeModel.swift */,
			);
			path = Model;
			sourceTree = "<group>";
		};
		CDE47AB323B2D0040209E337 /* Frameworks */ = {
			isa = PBXGroup;
			children = (
				0EC183578288628C91B05D38 /* Pods_EliteTestApp.framework */,
			);
			name = Frameworks;
			sourceTree = "<group>";
		};
/* End PBXGroup section */

/* Begin PBXNativeTarget section */
		18FAD59520CA2DFB00ECC6CF /* EliteTestApp */ = {
			isa = PBXNativeTarget;
			buildConfigurationList = 18FAD5BE20CA2DFB00ECC6CF /* Build configuration list for PBXNativeTarget "EliteTestApp" */;
			buildPhases = (
				3A278AB6EC6FE8E7E3845799 /* [CP] Check Pods Manifest.lock */,
				18FAD59220CA2DFB00ECC6CF /* Sources */,
				18FAD59320CA2DFB00ECC6CF /* Frameworks */,
				18FAD59420CA2DFB00ECC6CF /* Resources */,
				33E1925C190835794A7DAD4C /* [CP] Embed Pods Frameworks */,
				CD2BC9B515134EBA5054FDFB /* [CP] Copy Pods Resources */,
			);
			buildRules = (
			);
			dependencies = (
			);
			name = EliteTestApp;
			productName = EliteTestApp;
			productReference = 18FAD59620CA2DFB00ECC6CF /* EliteTestApp.app */;
			productType = "com.apple.product-type.application";
		};
		18FAD5A920CA2DFB00ECC6CF /* EliteTestAppTests */ = {
			isa = PBXNativeTarget;
			buildConfigurationList = 18FAD5C120CA2DFB00ECC6CF /* Build configuration list for PBXNativeTarget "EliteTestAppTests" */;
			buildPhases = (
				18FAD5A620CA2DFB00ECC6CF /* Sources */,
				18FAD5A720CA2DFB00ECC6CF /* Frameworks */,
				18FAD5A820CA2DFB00ECC6CF /* Resources */,
			);
			buildRules = (
			);
			dependencies = (
				18FAD5AC20CA2DFB00ECC6CF /* PBXTargetDependency */,
			);
			name = EliteTestAppTests;
			productName = EliteTestAppTests;
			productReference = 18FAD5AA20CA2DFB00ECC6CF /* EliteTestAppTests.xctest */;
			productType = "com.apple.product-type.bundle.unit-test";
		};
		18FAD5B420CA2DFB00ECC6CF /* EliteTestAppUITests */ = {
			isa = PBXNativeTarget;
			buildConfigurationList = 18FAD5C420CA2DFB00ECC6CF /* Build configuration list for PBXNativeTarget "EliteTestAppUITests" */;
			buildPhases = (
				18FAD5B120CA2DFB00ECC6CF /* Sources */,
				18FAD5B220CA2DFB00ECC6CF /* Frameworks */,
				18FAD5B320CA2DFB00ECC6CF /* Resources */,
			);
			buildRules = (
			);
			dependencies = (
				18FAD5B720CA2DFB00ECC6CF /* PBXTargetDependency */,
			);
			name = EliteTestAppUITests;
			productName = EliteTestAppUITests;
			productReference = 18FAD5B520CA2DFB00ECC6CF /* EliteTestAppUITests.xctest */;
			productType = "com.apple.product-type.bundle.ui-testing";
		};
/* End PBXNativeTarget section */

/* Begin PBXProject section */
		18FAD58E20CA2DFB00ECC6CF /* Project object */ = {
			isa = PBXProject;
			attributes = {
				LastSwiftUpdateCheck = 0920;
				LastUpgradeCheck = 0920;
				ORGANIZATIONNAME = "Xin Chen";
				TargetAttributes = {
					18FAD59520CA2DFB00ECC6CF = {
						CreatedOnToolsVersion = 9.2;
						ProvisioningStyle = Manual;
					};
					18FAD5A920CA2DFB00ECC6CF = {
						CreatedOnToolsVersion = 9.2;
						ProvisioningStyle = Automatic;
						TestTargetID = 18FAD59520CA2DFB00ECC6CF;
					};
					18FAD5B420CA2DFB00ECC6CF = {
						CreatedOnToolsVersion = 9.2;
						ProvisioningStyle = Automatic;
						TestTargetID = 18FAD59520CA2DFB00ECC6CF;
					};
				};
			};
			buildConfigurationList = 18FAD59120CA2DFB00ECC6CF /* Build configuration list for PBXProject "EliteTestApp" */;
			compatibilityVersion = "Xcode 8.0";
			developmentRegion = en;
			hasScannedForEncodings = 0;
			knownRegions = (
				en,
				Base,
			);
			mainGroup = 18FAD58D20CA2DFB00ECC6CF;
			productRefGroup = 18FAD59720CA2DFB00ECC6CF /* Products */;
			projectDirPath = "";
			projectRoot = "";
			targets = (
				18FAD59520CA2DFB00ECC6CF /* EliteTestApp */,
				18FAD5A920CA2DFB00ECC6CF /* EliteTestAppTests */,
				18FAD5B420CA2DFB00ECC6CF /* EliteTestAppUITests */,
			);
		};
/* End PBXProject section */

/* Begin PBXResourcesBuildPhase section */
		18FAD59420CA2DFB00ECC6CF /* Resources */ = {
			isa = PBXResourcesBuildPhase;
			buildActionMask = 2147483647;
			files = (
				18FAD5A420CA2DFB00ECC6CF /* LaunchScreen.storyboard in Resources */,
				18FAD5A120CA2DFB00ECC6CF /* Assets.xcassets in Resources */,
				18FAD59F20CA2DFB00ECC6CF /* Main.storyboard in Resources */,
			);
			runOnlyForDeploymentPostprocessing = 0;
		};
		18FAD5A820CA2DFB00ECC6CF /* Resources */ = {
			isa = PBXResourcesBuildPhase;
			buildActionMask = 2147483647;
			files = (
			);
			runOnlyForDeploymentPostprocessing = 0;
		};
		18FAD5B320CA2DFB00ECC6CF /* Resources */ = {
			isa = PBXResourcesBuildPhase;
			buildActionMask = 2147483647;
			files = (
			);
			runOnlyForDeploymentPostprocessing = 0;
		};
/* End PBXResourcesBuildPhase section */

/* Begin PBXShellScriptBuildPhase section */
		33E1925C190835794A7DAD4C /* [CP] Embed Pods Frameworks */ = {
			isa = PBXShellScriptBuildPhase;
			buildActionMask = 2147483647;
			files = (
			);
			inputPaths = (
				"${SRCROOT}/Pods/Target Support Files/Pods-EliteTestApp/Pods-EliteTestApp-frameworks.sh",
				"${BUILT_PRODUCTS_DIR}/Alamofire/Alamofire.framework",
				"${BUILT_PRODUCTS_DIR}/Kingfisher/Kingfisher.framework",
				"${BUILT_PRODUCTS_DIR}/SnapKit/SnapKit.framework",
			);
			name = "[CP] Embed Pods Frameworks";
			outputPaths = (
				"${TARGET_BUILD_DIR}/${FRAMEWORKS_FOLDER_PATH}/Alamofire.framework",
				"${TARGET_BUILD_DIR}/${FRAMEWORKS_FOLDER_PATH}/Kingfisher.framework",
				"${TARGET_BUILD_DIR}/${FRAMEWORKS_FOLDER_PATH}/SnapKit.framework",
			);
			runOnlyForDeploymentPostprocessing = 0;
			shellPath = /bin/sh;
			shellScript = "\"${SRCROOT}/Pods/Target Support Files/Pods-EliteTestApp/Pods-EliteTestApp-frameworks.sh\"\n";
			showEnvVarsInLog = 0;
		};
		3A278AB6EC6FE8E7E3845799 /* [CP] Check Pods Manifest.lock */ = {
			isa = PBXShellScriptBuildPhase;
			buildActionMask = 2147483647;
			files = (
			);
			inputPaths = (
				"${PODS_PODFILE_DIR_PATH}/Podfile.lock",
				"${PODS_ROOT}/Manifest.lock",
			);
			name = "[CP] Check Pods Manifest.lock";
			outputPaths = (
				"$(DERIVED_FILE_DIR)/Pods-EliteTestApp-checkManifestLockResult.txt",
			);
			runOnlyForDeploymentPostprocessing = 0;
			shellPath = /bin/sh;
			shellScript = "diff \"${PODS_PODFILE_DIR_PATH}/Podfile.lock\" \"${PODS_ROOT}/Manifest.lock\" > /dev/null\nif [ $? != 0 ] ; then\n    # print error to STDERR\n    echo \"error: The sandbox is not in sync with the Podfile.lock. Run 'pod install' or update your CocoaPods installation.\" >&2\n    exit 1\nfi\n# This output is used by Xcode 'outputs' to avoid re-running this script phase.\necho \"SUCCESS\" > \"${SCRIPT_OUTPUT_FILE_0}\"\n";
			showEnvVarsInLog = 0;
		};
		CD2BC9B515134EBA5054FDFB /* [CP] Copy Pods Resources */ = {
			isa = PBXShellScriptBuildPhase;
			buildActionMask = 2147483647;
			files = (
			);
			inputPaths = (
			);
			name = "[CP] Copy Pods Resources";
			outputPaths = (
			);
			runOnlyForDeploymentPostprocessing = 0;
			shellPath = /bin/sh;
			shellScript = "\"${SRCROOT}/Pods/Target Support Files/Pods-EliteTestApp/Pods-EliteTestApp-resources.sh\"\n";
			showEnvVarsInLog = 0;
		};
/* End PBXShellScriptBuildPhase section */

/* Begin PBXSourcesBuildPhase section */
		18FAD59220CA2DFB00ECC6CF /* Sources */ = {
			isa = PBXSourcesBuildPhase;
			buildActionMask = 2147483647;
			files = (
				7531395D20CDF95800A042A4 /* WeclomeModel.swift in Sources */,
				7531395020CDCC2600A042A4 /* WelcomeCell.swift in Sources */,
				1829952A20CB340500099E2D /* HomeViewController.swift in Sources */,
				182996E620CF75F200099E2D /* YYTextLayout.m in Sources */,
				182996E820CF75F200099E2D /* YYTextMagnifier.m in Sources */,
				182996E220CF75F200099E2D /* YYTextDebugOption.m in Sources */,
				1829952720CB33C800099E2D /* BaseViewController.swift in Sources */,
				1829970020CF762500099E2D /* CycleView.swift in Sources */,
				182996E120CF75F200099E2D /* YYTextContainerView.m in Sources */,
				182996EE20CF75F200099E2D /* YYTextRunDelegate.m in Sources */,
				182996EA20CF75F200099E2D /* YYTextArchiver.m in Sources */,
				7531395420CDCCDD00A042A4 /* BaseTableViewCell.swift in Sources */,
				7531394C20CDB9B500A042A4 /* BottomView.swift in Sources */,
				182996F020CF75F200099E2D /* NSParagraphStyle+YYText.m in Sources */,
				182996E420CF75F200099E2D /* YYTextInput.m in Sources */,
				182996F520CF75F200099E2D /* YYTextUtilities.m in Sources */,
				7531395620CDD01100A042A4 /* OrderListViewController.swift in Sources */,
				1829953520CCD9FA00099E2D /* Header.swift in Sources */,
				1829970120CF762500099E2D /* CycleViewCell.swift in Sources */,
				182996EF20CF75F200099E2D /* NSAttributedString+YYText.m in Sources */,
				182996E320CF75F200099E2D /* YYTextEffectWindow.m in Sources */,
				182996F220CF75F200099E2D /* UIView+YYText.m in Sources */,
				182996E520CF75F200099E2D /* YYTextKeyboardManager.m in Sources */,
				1829970220CF762500099E2D /* PageControl.swift in Sources */,
				182996ED20CF75F200099E2D /* YYTextRubyAnnotation.m in Sources */,
				182996F120CF75F200099E2D /* UIPasteboard+YYText.m in Sources */,
				182996EB20CF75F200099E2D /* YYTextAttribute.m in Sources */,
				182996F620CF75F200099E2D /* YYTextWeakProxy.m in Sources */,
				182996E920CF75F200099E2D /* YYTextSelectionView.m in Sources */,
				182996EC20CF75F200099E2D /* YYTextParser.m in Sources */,
				182996F820CF75F200099E2D /* YYTextView.m in Sources */,
				7531395B20CDF84000A042A4 /* OrderModel.swift in Sources */,
				7531395820CDD0C900A042A4 /* OrderDetailViewController.swift in Sources */,
				7531394E20CDCBFD00A042A4 /* ListOrderCell.swift in Sources */,
				182996F420CF75F200099E2D /* YYTextTransaction.m in Sources */,
				18FAD59A20CA2DFB00ECC6CF /* AppDelegate.swift in Sources */,
				182996FF20CF762500099E2D /* CycleLayout.swift in Sources */,
				7531395220CDCC4F00A042A4 /* DetailOrderCell.swift in Sources */,
				182996F720CF75F200099E2D /* YYLabel.m in Sources */,
				182996F320CF75F200099E2D /* YYTextAsyncLayer.m in Sources */,
				182996E720CF75F200099E2D /* YYTextLine.m in Sources */,
				75078A0720CF6F2B00363F9B /* GroupOrderCell.swift in Sources */,
			);
			runOnlyForDeploymentPostprocessing = 0;
		};
		18FAD5A620CA2DFB00ECC6CF /* Sources */ = {
			isa = PBXSourcesBuildPhase;
			buildActionMask = 2147483647;
			files = (
				18FAD5AF20CA2DFB00ECC6CF /* EliteTestAppTests.swift in Sources */,
			);
			runOnlyForDeploymentPostprocessing = 0;
		};
		18FAD5B120CA2DFB00ECC6CF /* Sources */ = {
			isa = PBXSourcesBuildPhase;
			buildActionMask = 2147483647;
			files = (
				18FAD5BA20CA2DFB00ECC6CF /* EliteTestAppUITests.swift in Sources */,
			);
			runOnlyForDeploymentPostprocessing = 0;
		};
/* End PBXSourcesBuildPhase section */

/* Begin PBXTargetDependency section */
		18FAD5AC20CA2DFB00ECC6CF /* PBXTargetDependency */ = {
			isa = PBXTargetDependency;
			target = 18FAD59520CA2DFB00ECC6CF /* EliteTestApp */;
			targetProxy = 18FAD5AB20CA2DFB00ECC6CF /* PBXContainerItemProxy */;
		};
		18FAD5B720CA2DFB00ECC6CF /* PBXTargetDependency */ = {
			isa = PBXTargetDependency;
			target = 18FAD59520CA2DFB00ECC6CF /* EliteTestApp */;
			targetProxy = 18FAD5B620CA2DFB00ECC6CF /* PBXContainerItemProxy */;
		};
/* End PBXTargetDependency section */

/* Begin PBXVariantGroup section */
		18FAD59D20CA2DFB00ECC6CF /* Main.storyboard */ = {
			isa = PBXVariantGroup;
			children = (
				18FAD59E20CA2DFB00ECC6CF /* Base */,
			);
			name = Main.storyboard;
			sourceTree = "<group>";
		};
		18FAD5A220CA2DFB00ECC6CF /* LaunchScreen.storyboard */ = {
			isa = PBXVariantGroup;
			children = (
				18FAD5A320CA2DFB00ECC6CF /* Base */,
			);
			name = LaunchScreen.storyboard;
			sourceTree = "<group>";
		};
/* End PBXVariantGroup section */

/* Begin XCBuildConfiguration section */
		18FAD5BC20CA2DFB00ECC6CF /* Debug */ = {
			isa = XCBuildConfiguration;
			buildSettings = {
				ALWAYS_SEARCH_USER_PATHS = NO;
				CLANG_ANALYZER_NONNULL = YES;
				CLANG_ANALYZER_NUMBER_OBJECT_CONVERSION = YES_AGGRESSIVE;
				CLANG_CXX_LANGUAGE_STANDARD = "gnu++14";
				CLANG_CXX_LIBRARY = "libc++";
				CLANG_ENABLE_MODULES = YES;
				CLANG_ENABLE_OBJC_ARC = YES;
				CLANG_WARN_BLOCK_CAPTURE_AUTORELEASING = YES;
				CLANG_WARN_BOOL_CONVERSION = YES;
				CLANG_WARN_COMMA = YES;
				CLANG_WARN_CONSTANT_CONVERSION = YES;
				CLANG_WARN_DIRECT_OBJC_ISA_USAGE = YES_ERROR;
				CLANG_WARN_DOCUMENTATION_COMMENTS = YES;
				CLANG_WARN_EMPTY_BODY = YES;
				CLANG_WARN_ENUM_CONVERSION = YES;
				CLANG_WARN_INFINITE_RECURSION = YES;
				CLANG_WARN_INT_CONVERSION = YES;
				CLANG_WARN_NON_LITERAL_NULL_CONVERSION = YES;
				CLANG_WARN_OBJC_LITERAL_CONVERSION = YES;
				CLANG_WARN_OBJC_ROOT_CLASS = YES_ERROR;
				CLANG_WARN_RANGE_LOOP_ANALYSIS = YES;
				CLANG_WARN_STRICT_PROTOTYPES = YES;
				CLANG_WARN_SUSPICIOUS_MOVE = YES;
				CLANG_WARN_UNGUARDED_AVAILABILITY = YES_AGGRESSIVE;
				CLANG_WARN_UNREACHABLE_CODE = YES;
				CLANG_WARN__DUPLICATE_METHOD_MATCH = YES;
				CODE_SIGN_IDENTITY = "iPhone Developer";
				COPY_PHASE_STRIP = NO;
				DEBUG_INFORMATION_FORMAT = dwarf;
				ENABLE_STRICT_OBJC_MSGSEND = YES;
				ENABLE_TESTABILITY = YES;
				GCC_C_LANGUAGE_STANDARD = gnu11;
				GCC_DYNAMIC_NO_PIC = NO;
				GCC_NO_COMMON_BLOCKS = YES;
				GCC_OPTIMIZATION_LEVEL = 0;
				GCC_PREPROCESSOR_DEFINITIONS = (
					"DEBUG=1",
					"$(inherited)",
				);
				GCC_WARN_64_TO_32_BIT_CONVERSION = YES;
				GCC_WARN_ABOUT_RETURN_TYPE = YES_ERROR;
				GCC_WARN_UNDECLARED_SELECTOR = YES;
				GCC_WARN_UNINITIALIZED_AUTOS = YES_AGGRESSIVE;
				GCC_WARN_UNUSED_FUNCTION = YES;
				GCC_WARN_UNUSED_VARIABLE = YES;
				IPHONEOS_DEPLOYMENT_TARGET = 11.2;
				MTL_ENABLE_DEBUG_INFO = YES;
				ONLY_ACTIVE_ARCH = YES;
				SDKROOT = iphoneos;
				SWIFT_ACTIVE_COMPILATION_CONDITIONS = DEBUG;
				SWIFT_OPTIMIZATION_LEVEL = "-Onone";
			};
			name = Debug;
		};
		18FAD5BD20CA2DFB00ECC6CF /* Release */ = {
			isa = XCBuildConfiguration;
			buildSettings = {
				ALWAYS_SEARCH_USER_PATHS = NO;
				CLANG_ANALYZER_NONNULL = YES;
				CLANG_ANALYZER_NUMBER_OBJECT_CONVERSION = YES_AGGRESSIVE;
				CLANG_CXX_LANGUAGE_STANDARD = "gnu++14";
				CLANG_CXX_LIBRARY = "libc++";
				CLANG_ENABLE_MODULES = YES;
				CLANG_ENABLE_OBJC_ARC = YES;
				CLANG_WARN_BLOCK_CAPTURE_AUTORELEASING = YES;
				CLANG_WARN_BOOL_CONVERSION = YES;
				CLANG_WARN_COMMA = YES;
				CLANG_WARN_CONSTANT_CONVERSION = YES;
				CLANG_WARN_DIRECT_OBJC_ISA_USAGE = YES_ERROR;
				CLANG_WARN_DOCUMENTATION_COMMENTS = YES;
				CLANG_WARN_EMPTY_BODY = YES;
				CLANG_WARN_ENUM_CONVERSION = YES;
				CLANG_WARN_INFINITE_RECURSION = YES;
				CLANG_WARN_INT_CONVERSION = YES;
				CLANG_WARN_NON_LITERAL_NULL_CONVERSION = YES;
				CLANG_WARN_OBJC_LITERAL_CONVERSION = YES;
				CLANG_WARN_OBJC_ROOT_CLASS = YES_ERROR;
				CLANG_WARN_RANGE_LOOP_ANALYSIS = YES;
				CLANG_WARN_STRICT_PROTOTYPES = YES;
				CLANG_WARN_SUSPICIOUS_MOVE = YES;
				CLANG_WARN_UNGUARDED_AVAILABILITY = YES_AGGRESSIVE;
				CLANG_WARN_UNREACHABLE_CODE = YES;
				CLANG_WARN__DUPLICATE_METHOD_MATCH = YES;
				CODE_SIGN_IDENTITY = "iPhone Developer";
				COPY_PHASE_STRIP = NO;
				DEBUG_INFORMATION_FORMAT = "dwarf-with-dsym";
				ENABLE_NS_ASSERTIONS = NO;
				ENABLE_STRICT_OBJC_MSGSEND = YES;
				GCC_C_LANGUAGE_STANDARD = gnu11;
				GCC_NO_COMMON_BLOCKS = YES;
				GCC_WARN_64_TO_32_BIT_CONVERSION = YES;
				GCC_WARN_ABOUT_RETURN_TYPE = YES_ERROR;
				GCC_WARN_UNDECLARED_SELECTOR = YES;
				GCC_WARN_UNINITIALIZED_AUTOS = YES_AGGRESSIVE;
				GCC_WARN_UNUSED_FUNCTION = YES;
				GCC_WARN_UNUSED_VARIABLE = YES;
				IPHONEOS_DEPLOYMENT_TARGET = 11.2;
				MTL_ENABLE_DEBUG_INFO = NO;
				SDKROOT = iphoneos;
				SWIFT_OPTIMIZATION_LEVEL = "-Owholemodule";
				VALIDATE_PRODUCT = YES;
			};
			name = Release;
		};
		18FAD5BF20CA2DFB00ECC6CF /* Debug */ = {
			isa = XCBuildConfiguration;
			baseConfigurationReference = 7082ECBFD6B87B15A28F7F18 /* Pods-EliteTestApp.debug.xcconfig */;
			buildSettings = {
				ASSETCATALOG_COMPILER_APPICON_NAME = AppIcon;
				ASSETCATALOG_COMPILER_LAUNCHIMAGE_NAME = LaunchImage;
				CODE_SIGN_STYLE = Manual;
				DEVELOPMENT_TEAM = "";
				INFOPLIST_FILE = EliteTestApp/Info.plist;
				IPHONEOS_DEPLOYMENT_TARGET = 8.0;
				LD_RUNPATH_SEARCH_PATHS = "$(inherited) @executable_path/Frameworks";
				PRODUCT_BUNDLE_IDENTIFIER = Ariel.EliteTestApp;
				PRODUCT_NAME = "$(TARGET_NAME)";
				PROVISIONING_PROFILE_SPECIFIER = "";
				SWIFT_OBJC_BRIDGING_HEADER = "EliteTestApp/Tools/EliteTestApp-Bridging-Header.h";
				SWIFT_VERSION = 4.0;
				TARGETED_DEVICE_FAMILY = "1,2";
			};
			name = Debug;
		};
		18FAD5C020CA2DFB00ECC6CF /* Release */ = {
			isa = XCBuildConfiguration;
			baseConfigurationReference = F605A4F062317CE0269501A5 /* Pods-EliteTestApp.release.xcconfig */;
			buildSettings = {
				ASSETCATALOG_COMPILER_APPICON_NAME = AppIcon;
				ASSETCATALOG_COMPILER_LAUNCHIMAGE_NAME = LaunchImage;
				CODE_SIGN_STYLE = Manual;
				DEVELOPMENT_TEAM = "";
				INFOPLIST_FILE = EliteTestApp/Info.plist;
				IPHONEOS_DEPLOYMENT_TARGET = 8.0;
				LD_RUNPATH_SEARCH_PATHS = "$(inherited) @executable_path/Frameworks";
				PRODUCT_BUNDLE_IDENTIFIER = Ariel.EliteTestApp;
				PRODUCT_NAME = "$(TARGET_NAME)";
				PROVISIONING_PROFILE_SPECIFIER = "";
				SWIFT_OBJC_BRIDGING_HEADER = "EliteTestApp/Tools/EliteTestApp-Bridging-Header.h";
				SWIFT_VERSION = 4.0;
				TARGETED_DEVICE_FAMILY = "1,2";
			};
			name = Release;
		};
		18FAD5C220CA2DFB00ECC6CF /* Debug */ = {
			isa = XCBuildConfiguration;
			buildSettings = {
				ALWAYS_EMBED_SWIFT_STANDARD_LIBRARIES = YES;
				BUNDLE_LOADER = "$(TEST_HOST)";
				CODE_SIGN_STYLE = Automatic;
				DEVELOPMENT_TEAM = 9356HDCM28;
				INFOPLIST_FILE = EliteTestAppTests/Info.plist;
				LD_RUNPATH_SEARCH_PATHS = "$(inherited) @executable_path/Frameworks @loader_path/Frameworks";
				PRODUCT_BUNDLE_IDENTIFIER = Ariel.EliteTestAppTests;
				PRODUCT_NAME = "$(TARGET_NAME)";
				SWIFT_VERSION = 4.0;
				TARGETED_DEVICE_FAMILY = "1,2";
				TEST_HOST = "$(BUILT_PRODUCTS_DIR)/EliteTestApp.app/EliteTestApp";
			};
			name = Debug;
		};
		18FAD5C320CA2DFB00ECC6CF /* Release */ = {
			isa = XCBuildConfiguration;
			buildSettings = {
				ALWAYS_EMBED_SWIFT_STANDARD_LIBRARIES = YES;
				BUNDLE_LOADER = "$(TEST_HOST)";
				CODE_SIGN_STYLE = Automatic;
				DEVELOPMENT_TEAM = 9356HDCM28;
				INFOPLIST_FILE = EliteTestAppTests/Info.plist;
				LD_RUNPATH_SEARCH_PATHS = "$(inherited) @executable_path/Frameworks @loader_path/Frameworks";
				PRODUCT_BUNDLE_IDENTIFIER = Ariel.EliteTestAppTests;
				PRODUCT_NAME = "$(TARGET_NAME)";
				SWIFT_VERSION = 4.0;
				TARGETED_DEVICE_FAMILY = "1,2";
				TEST_HOST = "$(BUILT_PRODUCTS_DIR)/EliteTestApp.app/EliteTestApp";
			};
			name = Release;
		};
		18FAD5C520CA2DFB00ECC6CF /* Debug */ = {
			isa = XCBuildConfiguration;
			buildSettings = {
				ALWAYS_EMBED_SWIFT_STANDARD_LIBRARIES = YES;
				CODE_SIGN_STYLE = Automatic;
				DEVELOPMENT_TEAM = 9356HDCM28;
				INFOPLIST_FILE = EliteTestAppUITests/Info.plist;
				LD_RUNPATH_SEARCH_PATHS = "$(inherited) @executable_path/Frameworks @loader_path/Frameworks";
				PRODUCT_BUNDLE_IDENTIFIER = Ariel.EliteTestAppUITests;
				PRODUCT_NAME = "$(TARGET_NAME)";
				SWIFT_VERSION = 4.0;
				TARGETED_DEVICE_FAMILY = "1,2";
				TEST_TARGET_NAME = EliteTestApp;
			};
			name = Debug;
		};
		18FAD5C620CA2DFB00ECC6CF /* Release */ = {
			isa = XCBuildConfiguration;
			buildSettings = {
				ALWAYS_EMBED_SWIFT_STANDARD_LIBRARIES = YES;
				CODE_SIGN_STYLE = Automatic;
				DEVELOPMENT_TEAM = 9356HDCM28;
				INFOPLIST_FILE = EliteTestAppUITests/Info.plist;
				LD_RUNPATH_SEARCH_PATHS = "$(inherited) @executable_path/Frameworks @loader_path/Frameworks";
				PRODUCT_BUNDLE_IDENTIFIER = Ariel.EliteTestAppUITests;
				PRODUCT_NAME = "$(TARGET_NAME)";
				SWIFT_VERSION = 4.0;
				TARGETED_DEVICE_FAMILY = "1,2";
				TEST_TARGET_NAME = EliteTestApp;
			};
			name = Release;
		};
/* End XCBuildConfiguration section */

/* Begin XCConfigurationList section */
		18FAD59120CA2DFB00ECC6CF /* Build configuration list for PBXProject "EliteTestApp" */ = {
			isa = XCConfigurationList;
			buildConfigurations = (
				18FAD5BC20CA2DFB00ECC6CF /* Debug */,
				18FAD5BD20CA2DFB00ECC6CF /* Release */,
			);
			defaultConfigurationIsVisible = 0;
			defaultConfigurationName = Release;
		};
		18FAD5BE20CA2DFB00ECC6CF /* Build configuration list for PBXNativeTarget "EliteTestApp" */ = {
			isa = XCConfigurationList;
			buildConfigurations = (
				18FAD5BF20CA2DFB00ECC6CF /* Debug */,
				18FAD5C020CA2DFB00ECC6CF /* Release */,
			);
			defaultConfigurationIsVisible = 0;
			defaultConfigurationName = Release;
		};
		18FAD5C120CA2DFB00ECC6CF /* Build configuration list for PBXNativeTarget "EliteTestAppTests" */ = {
			isa = XCConfigurationList;
			buildConfigurations = (
				18FAD5C220CA2DFB00ECC6CF /* Debug */,
				18FAD5C320CA2DFB00ECC6CF /* Release */,
			);
			defaultConfigurationIsVisible = 0;
			defaultConfigurationName = Release;
		};
		18FAD5C420CA2DFB00ECC6CF /* Build configuration list for PBXNativeTarget "EliteTestAppUITests" */ = {
			isa = XCConfigurationList;
			buildConfigurations = (
				18FAD5C520CA2DFB00ECC6CF /* Debug */,
				18FAD5C620CA2DFB00ECC6CF /* Release */,
			);
			defaultConfigurationIsVisible = 0;
			defaultConfigurationName = Release;
		};
/* End XCConfigurationList section */
	};
	rootObject = 18FAD58E20CA2DFB00ECC6CF /* Project object */;
}
